// !$*UTF8*$!
{
	archiveVersion = 1;
	classes = {
	};
	objectVersion = 46;
	objects = {

/* Begin PBXAggregateTarget section */
		C6CC69C8179444F6004E0DE4 /* JotForm-Universal */ = {
			isa = PBXAggregateTarget;
			buildConfigurationList = C6CC69C9179444F6004E0DE4 /* Build configuration list for PBXAggregateTarget "JotForm-Universal" */;
			buildPhases = (
				C6CC69CD17944534004E0DE4 /* Build Static Library */,
				C6CC69CC179444FC004E0DE4 /* Creating Universal Framework */,
				C6A2B16F1794535800F1818D /* CopyFiles */,
				C6A2B171179453A300F1818D /* CopyFiles */,
				C6A2B17B179453FF00F1818D /* CopyFiles */,
				C6A2B1881794541300F1818D /* CopyFiles */,
				C6A2B1961794542500F1818D /* CopyFiles */,
			);
			dependencies = (
			);
			name = "JotForm-Universal";
			productName = "JotForm-Universal";
		};
/* End PBXAggregateTarget section */

/* Begin PBXBuildFile section */
		6006F71B19C20BC100D5E4A5 /* AFHTTPRequestOperation.h in CopyFiles */ = {isa = PBXBuildFile; fileRef = 60A58AD819BAC9C900F25CB9 /* AFHTTPRequestOperation.h */; };
		6006F71C19C20BC800D5E4A5 /* AFHTTPSessionManager.h in CopyFiles */ = {isa = PBXBuildFile; fileRef = 60A58ADA19BAC9C900F25CB9 /* AFHTTPSessionManager.h */; };
		6006F71D19C20BCC00D5E4A5 /* AFNetworkReachabilityManager.h in CopyFiles */ = {isa = PBXBuildFile; fileRef = 60A58ADC19BAC9C900F25CB9 /* AFNetworkReachabilityManager.h */; };
		6006F71E19C20BD200D5E4A5 /* AFSecurityPolicy.h in CopyFiles */ = {isa = PBXBuildFile; fileRef = 60A58ADD19BAC9C900F25CB9 /* AFSecurityPolicy.h */; };
		6006F71F19C20BDA00D5E4A5 /* AFHTTPRequestOperationManager.h in CopyFiles */ = {isa = PBXBuildFile; fileRef = 60A58AD919BAC9C900F25CB9 /* AFHTTPRequestOperationManager.h */; };
		6006F72019C20BDF00D5E4A5 /* AFNetworking.h in CopyFiles */ = {isa = PBXBuildFile; fileRef = 60A58ADB19BAC9C900F25CB9 /* AFNetworking.h */; };
		6006F72119C20BE400D5E4A5 /* AFURLConnectionOperation.h in CopyFiles */ = {isa = PBXBuildFile; fileRef = 60A58ADE19BAC9C900F25CB9 /* AFURLConnectionOperation.h */; };
		6006F72219C20BE800D5E4A5 /* AFURLRequestSerialization.h in CopyFiles */ = {isa = PBXBuildFile; fileRef = 60A58ADF19BAC9C900F25CB9 /* AFURLRequestSerialization.h */; };
		6006F72319C20BEC00D5E4A5 /* AFURLSessionManager.h in CopyFiles */ = {isa = PBXBuildFile; fileRef = 60A58AE119BAC9C900F25CB9 /* AFURLSessionManager.h */; };
		6006F72419C20BF000D5E4A5 /* AFURLResponseSerialization.h in CopyFiles */ = {isa = PBXBuildFile; fileRef = 60A58AE019BAC9C900F25CB9 /* AFURLResponseSerialization.h */; };
		6006F72519C20C0D00D5E4A5 /* AFURLSessionManager.m in Copy Files */ = {isa = PBXBuildFile; fileRef = 60A58AF419BACA7100F25CB9 /* AFURLSessionManager.m */; };
		6006F72619C20C1200D5E4A5 /* AFURLRequestSerialization.m in Copy Files */ = {isa = PBXBuildFile; fileRef = 60A58AF219BACA7100F25CB9 /* AFURLRequestSerialization.m */; };
		6006F72719C20C1500D5E4A5 /* AFURLResponseSerialization.m in Copy Files */ = {isa = PBXBuildFile; fileRef = 60A58AF319BACA7100F25CB9 /* AFURLResponseSerialization.m */; };
		6006F72819C20C1900D5E4A5 /* AFHTTPRequestOperationManager.m in Copy Files */ = {isa = PBXBuildFile; fileRef = 60A58AED19BACA7100F25CB9 /* AFHTTPRequestOperationManager.m */; };
		6006F72919C20C1C00D5E4A5 /* AFHTTPRequestOperation.m in Copy Files */ = {isa = PBXBuildFile; fileRef = 60A58AEC19BACA7100F25CB9 /* AFHTTPRequestOperation.m */; };
		6006F72A19C20C2000D5E4A5 /* AFHTTPSessionManager.m in Copy Files */ = {isa = PBXBuildFile; fileRef = 60A58AEE19BACA7100F25CB9 /* AFHTTPSessionManager.m */; };
		6006F72B19C20C2200D5E4A5 /* AFSecurityPolicy.m in Copy Files */ = {isa = PBXBuildFile; fileRef = 60A58AF019BACA7100F25CB9 /* AFSecurityPolicy.m */; };
		6006F72C19C20C2600D5E4A5 /* AFNetworkReachabilityManager.m in Copy Files */ = {isa = PBXBuildFile; fileRef = 60A58AEF19BACA7100F25CB9 /* AFNetworkReachabilityManager.m */; };
		6006F72D19C20C2A00D5E4A5 /* AFURLConnectionOperation.m in Copy Files */ = {isa = PBXBuildFile; fileRef = 60A58AF119BACA7100F25CB9 /* AFURLConnectionOperation.m */; };
		6006F72E19C20CB000D5E4A5 /* AFHTTPRequestOperation.m in CopyFiles */ = {isa = PBXBuildFile; fileRef = 60A58AEC19BACA7100F25CB9 /* AFHTTPRequestOperation.m */; };
		6006F72F19C20CB300D5E4A5 /* AFHTTPRequestOperationManager.m in CopyFiles */ = {isa = PBXBuildFile; fileRef = 60A58AED19BACA7100F25CB9 /* AFHTTPRequestOperationManager.m */; };
		6006F73019C20CB700D5E4A5 /* AFHTTPSessionManager.m in CopyFiles */ = {isa = PBXBuildFile; fileRef = 60A58AEE19BACA7100F25CB9 /* AFHTTPSessionManager.m */; };
		6006F73119C20CBA00D5E4A5 /* AFNetworkReachabilityManager.m in CopyFiles */ = {isa = PBXBuildFile; fileRef = 60A58AEF19BACA7100F25CB9 /* AFNetworkReachabilityManager.m */; };
		6006F73219C20CBD00D5E4A5 /* AFSecurityPolicy.m in CopyFiles */ = {isa = PBXBuildFile; fileRef = 60A58AF019BACA7100F25CB9 /* AFSecurityPolicy.m */; };
		6006F73319C20CC000D5E4A5 /* AFURLConnectionOperation.m in CopyFiles */ = {isa = PBXBuildFile; fileRef = 60A58AF119BACA7100F25CB9 /* AFURLConnectionOperation.m */; };
		6006F73419C20CC300D5E4A5 /* AFURLRequestSerialization.m in CopyFiles */ = {isa = PBXBuildFile; fileRef = 60A58AF219BACA7100F25CB9 /* AFURLRequestSerialization.m */; };
		6006F73519C20CC500D5E4A5 /* AFURLResponseSerialization.m in CopyFiles */ = {isa = PBXBuildFile; fileRef = 60A58AF319BACA7100F25CB9 /* AFURLResponseSerialization.m */; };
		6006F73619C20CC800D5E4A5 /* AFURLSessionManager.m in CopyFiles */ = {isa = PBXBuildFile; fileRef = 60A58AF419BACA7100F25CB9 /* AFURLSessionManager.m */; };
		6006F73719C20CCF00D5E4A5 /* AFHTTPRequestOperation.h in CopyFiles */ = {isa = PBXBuildFile; fileRef = 60A58AD819BAC9C900F25CB9 /* AFHTTPRequestOperation.h */; };
		6006F73819C20CD400D5E4A5 /* AFHTTPRequestOperationManager.h in CopyFiles */ = {isa = PBXBuildFile; fileRef = 60A58AD919BAC9C900F25CB9 /* AFHTTPRequestOperationManager.h */; };
		6006F73919C20CD900D5E4A5 /* AFHTTPSessionManager.h in CopyFiles */ = {isa = PBXBuildFile; fileRef = 60A58ADA19BAC9C900F25CB9 /* AFHTTPSessionManager.h */; };
		6006F73A19C20CDD00D5E4A5 /* AFNetworking.h in CopyFiles */ = {isa = PBXBuildFile; fileRef = 60A58ADB19BAC9C900F25CB9 /* AFNetworking.h */; };
		6006F73B19C20CE100D5E4A5 /* AFNetworkReachabilityManager.h in CopyFiles */ = {isa = PBXBuildFile; fileRef = 60A58ADC19BAC9C900F25CB9 /* AFNetworkReachabilityManager.h */; };
		6006F73C19C20CE600D5E4A5 /* AFSecurityPolicy.h in CopyFiles */ = {isa = PBXBuildFile; fileRef = 60A58ADD19BAC9C900F25CB9 /* AFSecurityPolicy.h */; };
		6006F73D19C20CEB00D5E4A5 /* AFURLConnectionOperation.h in CopyFiles */ = {isa = PBXBuildFile; fileRef = 60A58ADE19BAC9C900F25CB9 /* AFURLConnectionOperation.h */; };
		6006F73E19C20CF100D5E4A5 /* AFURLRequestSerialization.h in CopyFiles */ = {isa = PBXBuildFile; fileRef = 60A58ADF19BAC9C900F25CB9 /* AFURLRequestSerialization.h */; };
		6006F73F19C20CF100D5E4A5 /* AFURLResponseSerialization.h in CopyFiles */ = {isa = PBXBuildFile; fileRef = 60A58AE019BAC9C900F25CB9 /* AFURLResponseSerialization.h */; };
		6006F74019C20CF100D5E4A5 /* AFURLSessionManager.h in CopyFiles */ = {isa = PBXBuildFile; fileRef = 60A58AE119BAC9C900F25CB9 /* AFURLSessionManager.h */; };
		60A58AE219BAC9C900F25CB9 /* AFHTTPRequestOperation.h in Headers */ = {isa = PBXBuildFile; fileRef = 60A58AD819BAC9C900F25CB9 /* AFHTTPRequestOperation.h */; };
		60A58AE319BAC9C900F25CB9 /* AFHTTPRequestOperationManager.h in Headers */ = {isa = PBXBuildFile; fileRef = 60A58AD919BAC9C900F25CB9 /* AFHTTPRequestOperationManager.h */; };
		60A58AE419BAC9C900F25CB9 /* AFHTTPSessionManager.h in Headers */ = {isa = PBXBuildFile; fileRef = 60A58ADA19BAC9C900F25CB9 /* AFHTTPSessionManager.h */; };
		60A58AE519BAC9C900F25CB9 /* AFNetworking.h in Headers */ = {isa = PBXBuildFile; fileRef = 60A58ADB19BAC9C900F25CB9 /* AFNetworking.h */; };
		60A58AE619BAC9C900F25CB9 /* AFNetworkReachabilityManager.h in Headers */ = {isa = PBXBuildFile; fileRef = 60A58ADC19BAC9C900F25CB9 /* AFNetworkReachabilityManager.h */; };
		60A58AE719BAC9C900F25CB9 /* AFSecurityPolicy.h in Headers */ = {isa = PBXBuildFile; fileRef = 60A58ADD19BAC9C900F25CB9 /* AFSecurityPolicy.h */; };
		60A58AE819BAC9C900F25CB9 /* AFURLConnectionOperation.h in Headers */ = {isa = PBXBuildFile; fileRef = 60A58ADE19BAC9C900F25CB9 /* AFURLConnectionOperation.h */; };
		60A58AE919BAC9C900F25CB9 /* AFURLRequestSerialization.h in Headers */ = {isa = PBXBuildFile; fileRef = 60A58ADF19BAC9C900F25CB9 /* AFURLRequestSerialization.h */; };
		60A58AEA19BAC9C900F25CB9 /* AFURLResponseSerialization.h in Headers */ = {isa = PBXBuildFile; fileRef = 60A58AE019BAC9C900F25CB9 /* AFURLResponseSerialization.h */; };
		60A58AEB19BAC9C900F25CB9 /* AFURLSessionManager.h in Headers */ = {isa = PBXBuildFile; fileRef = 60A58AE119BAC9C900F25CB9 /* AFURLSessionManager.h */; };
		60A58AF519BACA7100F25CB9 /* AFHTTPRequestOperation.m in Sources */ = {isa = PBXBuildFile; fileRef = 60A58AEC19BACA7100F25CB9 /* AFHTTPRequestOperation.m */; };
		60A58AF619BACA7100F25CB9 /* AFHTTPRequestOperationManager.m in Sources */ = {isa = PBXBuildFile; fileRef = 60A58AED19BACA7100F25CB9 /* AFHTTPRequestOperationManager.m */; };
		60A58AF719BACA7100F25CB9 /* AFHTTPSessionManager.m in Sources */ = {isa = PBXBuildFile; fileRef = 60A58AEE19BACA7100F25CB9 /* AFHTTPSessionManager.m */; };
		60A58AF819BACA7100F25CB9 /* AFNetworkReachabilityManager.m in Sources */ = {isa = PBXBuildFile; fileRef = 60A58AEF19BACA7100F25CB9 /* AFNetworkReachabilityManager.m */; };
		60A58AF919BACA7100F25CB9 /* AFSecurityPolicy.m in Sources */ = {isa = PBXBuildFile; fileRef = 60A58AF019BACA7100F25CB9 /* AFSecurityPolicy.m */; };
		60A58AFA19BACA7100F25CB9 /* AFURLConnectionOperation.m in Sources */ = {isa = PBXBuildFile; fileRef = 60A58AF119BACA7100F25CB9 /* AFURLConnectionOperation.m */; };
		60A58AFB19BACA7100F25CB9 /* AFURLRequestSerialization.m in Sources */ = {isa = PBXBuildFile; fileRef = 60A58AF219BACA7100F25CB9 /* AFURLRequestSerialization.m */; };
		60A58AFC19BACA7100F25CB9 /* AFURLResponseSerialization.m in Sources */ = {isa = PBXBuildFile; fileRef = 60A58AF319BACA7100F25CB9 /* AFURLResponseSerialization.m */; };
		60A58AFD19BACA7100F25CB9 /* AFURLSessionManager.m in Sources */ = {isa = PBXBuildFile; fileRef = 60A58AF419BACA7100F25CB9 /* AFURLSessionManager.m */; };
		60DD4CB619C778A500A100C3 /* Reachability.h in CopyFiles */ = {isa = PBXBuildFile; fileRef = 60DD4C6419C7763900A100C3 /* Reachability.h */; };
		60DD4CB719C778BF00A100C3 /* Reachability.h in CopyFiles */ = {isa = PBXBuildFile; fileRef = 60DD4C6419C7763900A100C3 /* Reachability.h */; };
		C6A2B09D179448DC00F1818D /* Foundation.framework in Frameworks */ = {isa = PBXBuildFile; fileRef = C6A2B09C179448DC00F1818D /* Foundation.framework */; };
		C6A2B09F1794495600F1818D /* JotForm.h in Headers */ = {isa = PBXBuildFile; fileRef = C6CC6979179444CE004E0DE4 /* JotForm.h */; settings = {ATTRIBUTES = (Public, ); }; };
		C6A2B0A01794495A00F1818D /* Common.h in Headers */ = {isa = PBXBuildFile; fileRef = C6CC697B179444CE004E0DE4 /* Common.h */; settings = {ATTRIBUTES = (Private, ); }; };
		C6A2B0A91794497D00F1818D /* Reachability.m in Copy Files */ = {isa = PBXBuildFile; fileRef = C6CC6987179444CE004E0DE4 /* Reachability.m */; };
		C6A2B1701794537C00F1818D /* JotForm.h in CopyFiles */ = {isa = PBXBuildFile; fileRef = C6CC6979179444CE004E0DE4 /* JotForm.h */; };
		C6A2B17A179453DB00F1818D /* Reachability.m in CopyFiles */ = {isa = PBXBuildFile; fileRef = C6CC6987179444CE004E0DE4 /* Reachability.m */; };
		C6CC69B2179444CE004E0DE4 /* JotForm.m in Sources */ = {isa = PBXBuildFile; fileRef = C6CC697A179444CE004E0DE4 /* JotForm.m */; };
		C6E8A4161797DFF600AA1AA7 /* Common.h in CopyFiles */ = {isa = PBXBuildFile; fileRef = C6CC697B179444CE004E0DE4 /* Common.h */; };
/* End PBXBuildFile section */

/* Begin PBXCopyFilesBuildPhase section */
		C6A2B0AA1794498000F1818D /* CopyFiles */ = {
			isa = PBXCopyFilesBuildPhase;
			buildActionMask = 2147483647;
			dstPath = ExternalLib/Classes/json;
			dstSubfolderSpec = 16;
			files = (
			);
			runOnlyForDeploymentPostprocessing = 0;
		};
		C6A2B0B71794499500F1818D /* CopyFiles */ = {
			isa = PBXCopyFilesBuildPhase;
			buildActionMask = 12;
			dstPath = ExternalLib/Header/afn;
			dstSubfolderSpec = 16;
			files = (
				60DD4CB719C778BF00A100C3 /* Reachability.h in CopyFiles */,
				6006F72419C20BF000D5E4A5 /* AFURLResponseSerialization.h in CopyFiles */,
				6006F72319C20BEC00D5E4A5 /* AFURLSessionManager.h in CopyFiles */,
				6006F72219C20BE800D5E4A5 /* AFURLRequestSerialization.h in CopyFiles */,
				6006F72119C20BE400D5E4A5 /* AFURLConnectionOperation.h in CopyFiles */,
				6006F72019C20BDF00D5E4A5 /* AFNetworking.h in CopyFiles */,
				6006F71F19C20BDA00D5E4A5 /* AFHTTPRequestOperationManager.h in CopyFiles */,
				6006F71E19C20BD200D5E4A5 /* AFSecurityPolicy.h in CopyFiles */,
				6006F71D19C20BCC00D5E4A5 /* AFNetworkReachabilityManager.h in CopyFiles */,
				6006F71C19C20BC800D5E4A5 /* AFHTTPSessionManager.h in CopyFiles */,
				6006F71B19C20BC100D5E4A5 /* AFHTTPRequestOperation.h in CopyFiles */,
			);
			runOnlyForDeploymentPostprocessing = 0;
		};
		C6A2B0C5179449AD00F1818D /* CopyFiles */ = {
			isa = PBXCopyFilesBuildPhase;
			buildActionMask = 2147483647;
			dstPath = ExternalLib/Header/json;
			dstSubfolderSpec = 16;
			files = (
			);
			runOnlyForDeploymentPostprocessing = 0;
		};
		C6A2B16F1794535800F1818D /* CopyFiles */ = {
			isa = PBXCopyFilesBuildPhase;
			buildActionMask = 2147483647;
			dstPath = "${BUILD_DIR}/${CONFIGURATION}-iphoneuniversal/${PRODUCT_NAME}.framework/Versions/A/Headers/";
			dstSubfolderSpec = 0;
			files = (
				C6E8A4161797DFF600AA1AA7 /* Common.h in CopyFiles */,
				C6A2B1701794537C00F1818D /* JotForm.h in CopyFiles */,
			);
			runOnlyForDeploymentPostprocessing = 0;
		};
		C6A2B171179453A300F1818D /* CopyFiles */ = {
			isa = PBXCopyFilesBuildPhase;
			buildActionMask = 2147483647;
			dstPath = "${BUILD_DIR}/${CONFIGURATION}-iphoneuniversal/ExternalLib/Classes/afn";
			dstSubfolderSpec = 0;
			files = (
				6006F73619C20CC800D5E4A5 /* AFURLSessionManager.m in CopyFiles */,
				6006F73519C20CC500D5E4A5 /* AFURLResponseSerialization.m in CopyFiles */,
				6006F73419C20CC300D5E4A5 /* AFURLRequestSerialization.m in CopyFiles */,
				6006F73319C20CC000D5E4A5 /* AFURLConnectionOperation.m in CopyFiles */,
				6006F73219C20CBD00D5E4A5 /* AFSecurityPolicy.m in CopyFiles */,
				6006F73119C20CBA00D5E4A5 /* AFNetworkReachabilityManager.m in CopyFiles */,
				6006F73019C20CB700D5E4A5 /* AFHTTPSessionManager.m in CopyFiles */,
				6006F72F19C20CB300D5E4A5 /* AFHTTPRequestOperationManager.m in CopyFiles */,
				6006F72E19C20CB000D5E4A5 /* AFHTTPRequestOperation.m in CopyFiles */,
				C6A2B17A179453DB00F1818D /* Reachability.m in CopyFiles */,
			);
			runOnlyForDeploymentPostprocessing = 0;
		};
		C6A2B17B179453FF00F1818D /* CopyFiles */ = {
			isa = PBXCopyFilesBuildPhase;
			buildActionMask = 2147483647;
			dstPath = "${BUILD_DIR}/${CONFIGURATION}-iphoneuniversal/ExternalLib/Classes/json";
			dstSubfolderSpec = 0;
			files = (
			);
			runOnlyForDeploymentPostprocessing = 0;
		};
		C6A2B1881794541300F1818D /* CopyFiles */ = {
			isa = PBXCopyFilesBuildPhase;
			buildActionMask = 2147483647;
			dstPath = "${BUILD_DIR}/${CONFIGURATION}-iphoneuniversal/ExternalLib/Header/afn";
			dstSubfolderSpec = 0;
			files = (
				60DD4CB619C778A500A100C3 /* Reachability.h in CopyFiles */,
				6006F73E19C20CF100D5E4A5 /* AFURLRequestSerialization.h in CopyFiles */,
				6006F73F19C20CF100D5E4A5 /* AFURLResponseSerialization.h in CopyFiles */,
				6006F74019C20CF100D5E4A5 /* AFURLSessionManager.h in CopyFiles */,
				6006F73D19C20CEB00D5E4A5 /* AFURLConnectionOperation.h in CopyFiles */,
				6006F73C19C20CE600D5E4A5 /* AFSecurityPolicy.h in CopyFiles */,
				6006F73B19C20CE100D5E4A5 /* AFNetworkReachabilityManager.h in CopyFiles */,
				6006F73A19C20CDD00D5E4A5 /* AFNetworking.h in CopyFiles */,
				6006F73919C20CD900D5E4A5 /* AFHTTPSessionManager.h in CopyFiles */,
				6006F73819C20CD400D5E4A5 /* AFHTTPRequestOperationManager.h in CopyFiles */,
				6006F73719C20CCF00D5E4A5 /* AFHTTPRequestOperation.h in CopyFiles */,
			);
			runOnlyForDeploymentPostprocessing = 0;
		};
		C6A2B1961794542500F1818D /* CopyFiles */ = {
			isa = PBXCopyFilesBuildPhase;
			buildActionMask = 2147483647;
			dstPath = "${BUILD_DIR}/${CONFIGURATION}-iphoneuniversal/ExternalLib/Header/json";
			dstSubfolderSpec = 0;
			files = (
			);
			runOnlyForDeploymentPostprocessing = 0;
		};
		C6CC6965179444B8004E0DE4 /* Copy Files */ = {
			isa = PBXCopyFilesBuildPhase;
			buildActionMask = 2147483647;
			dstPath = ExternalLib/Classes/afn;
			dstSubfolderSpec = 16;
			files = (
				6006F72D19C20C2A00D5E4A5 /* AFURLConnectionOperation.m in Copy Files */,
				6006F72C19C20C2600D5E4A5 /* AFNetworkReachabilityManager.m in Copy Files */,
				6006F72B19C20C2200D5E4A5 /* AFSecurityPolicy.m in Copy Files */,
				6006F72A19C20C2000D5E4A5 /* AFHTTPSessionManager.m in Copy Files */,
				6006F72919C20C1C00D5E4A5 /* AFHTTPRequestOperation.m in Copy Files */,
				6006F72819C20C1900D5E4A5 /* AFHTTPRequestOperationManager.m in Copy Files */,
				6006F72719C20C1500D5E4A5 /* AFURLResponseSerialization.m in Copy Files */,
				6006F72619C20C1200D5E4A5 /* AFURLRequestSerialization.m in Copy Files */,
				6006F72519C20C0D00D5E4A5 /* AFURLSessionManager.m in Copy Files */,
				C6A2B0A91794497D00F1818D /* Reachability.m in Copy Files */,
			);
			name = "Copy Files";
			runOnlyForDeploymentPostprocessing = 0;
		};
/* End PBXCopyFilesBuildPhase section */

/* Begin PBXFileReference section */
		60A58AD819BAC9C900F25CB9 /* AFHTTPRequestOperation.h */ = {isa = PBXFileReference; fileEncoding = 4; lastKnownFileType = sourcecode.c.h; path = AFHTTPRequestOperation.h; sourceTree = "<group>"; };
		60A58AD919BAC9C900F25CB9 /* AFHTTPRequestOperationManager.h */ = {isa = PBXFileReference; fileEncoding = 4; lastKnownFileType = sourcecode.c.h; path = AFHTTPRequestOperationManager.h; sourceTree = "<group>"; };
		60A58ADA19BAC9C900F25CB9 /* AFHTTPSessionManager.h */ = {isa = PBXFileReference; fileEncoding = 4; lastKnownFileType = sourcecode.c.h; path = AFHTTPSessionManager.h; sourceTree = "<group>"; };
		60A58ADB19BAC9C900F25CB9 /* AFNetworking.h */ = {isa = PBXFileReference; fileEncoding = 4; lastKnownFileType = sourcecode.c.h; path = AFNetworking.h; sourceTree = "<group>"; };
		60A58ADC19BAC9C900F25CB9 /* AFNetworkReachabilityManager.h */ = {isa = PBXFileReference; fileEncoding = 4; lastKnownFileType = sourcecode.c.h; path = AFNetworkReachabilityManager.h; sourceTree = "<group>"; };
		60A58ADD19BAC9C900F25CB9 /* AFSecurityPolicy.h */ = {isa = PBXFileReference; fileEncoding = 4; lastKnownFileType = sourcecode.c.h; path = AFSecurityPolicy.h; sourceTree = "<group>"; };
		60A58ADE19BAC9C900F25CB9 /* AFURLConnectionOperation.h */ = {isa = PBXFileReference; fileEncoding = 4; lastKnownFileType = sourcecode.c.h; path = AFURLConnectionOperation.h; sourceTree = "<group>"; };
		60A58ADF19BAC9C900F25CB9 /* AFURLRequestSerialization.h */ = {isa = PBXFileReference; fileEncoding = 4; lastKnownFileType = sourcecode.c.h; path = AFURLRequestSerialization.h; sourceTree = "<group>"; };
		60A58AE019BAC9C900F25CB9 /* AFURLResponseSerialization.h */ = {isa = PBXFileReference; fileEncoding = 4; lastKnownFileType = sourcecode.c.h; path = AFURLResponseSerialization.h; sourceTree = "<group>"; };
		60A58AE119BAC9C900F25CB9 /* AFURLSessionManager.h */ = {isa = PBXFileReference; fileEncoding = 4; lastKnownFileType = sourcecode.c.h; path = AFURLSessionManager.h; sourceTree = "<group>"; };
		60A58AEC19BACA7100F25CB9 /* AFHTTPRequestOperation.m */ = {isa = PBXFileReference; fileEncoding = 4; lastKnownFileType = sourcecode.c.objc; path = AFHTTPRequestOperation.m; sourceTree = "<group>"; };
		60A58AED19BACA7100F25CB9 /* AFHTTPRequestOperationManager.m */ = {isa = PBXFileReference; fileEncoding = 4; lastKnownFileType = sourcecode.c.objc; path = AFHTTPRequestOperationManager.m; sourceTree = "<group>"; };
		60A58AEE19BACA7100F25CB9 /* AFHTTPSessionManager.m */ = {isa = PBXFileReference; fileEncoding = 4; lastKnownFileType = sourcecode.c.objc; path = AFHTTPSessionManager.m; sourceTree = "<group>"; };
		60A58AEF19BACA7100F25CB9 /* AFNetworkReachabilityManager.m */ = {isa = PBXFileReference; fileEncoding = 4; lastKnownFileType = sourcecode.c.objc; path = AFNetworkReachabilityManager.m; sourceTree = "<group>"; };
		60A58AF019BACA7100F25CB9 /* AFSecurityPolicy.m */ = {isa = PBXFileReference; fileEncoding = 4; lastKnownFileType = sourcecode.c.objc; path = AFSecurityPolicy.m; sourceTree = "<group>"; };
		60A58AF119BACA7100F25CB9 /* AFURLConnectionOperation.m */ = {isa = PBXFileReference; fileEncoding = 4; lastKnownFileType = sourcecode.c.objc; path = AFURLConnectionOperation.m; sourceTree = "<group>"; };
		60A58AF219BACA7100F25CB9 /* AFURLRequestSerialization.m */ = {isa = PBXFileReference; fileEncoding = 4; lastKnownFileType = sourcecode.c.objc; path = AFURLRequestSerialization.m; sourceTree = "<group>"; };
		60A58AF319BACA7100F25CB9 /* AFURLResponseSerialization.m */ = {isa = PBXFileReference; fileEncoding = 4; lastKnownFileType = sourcecode.c.objc; path = AFURLResponseSerialization.m; sourceTree = "<group>"; };
		60A58AF419BACA7100F25CB9 /* AFURLSessionManager.m */ = {isa = PBXFileReference; fileEncoding = 4; lastKnownFileType = sourcecode.c.objc; path = AFURLSessionManager.m; sourceTree = "<group>"; };
		60DD4C6419C7763900A100C3 /* Reachability.h */ = {isa = PBXFileReference; lastKnownFileType = sourcecode.c.h; path = Reachability.h; sourceTree = "<group>"; };
		C6A2B09C179448DC00F1818D /* Foundation.framework */ = {isa = PBXFileReference; lastKnownFileType = wrapper.framework; name = Foundation.framework; path = System/Library/Frameworks/Foundation.framework; sourceTree = SDKROOT; };
		C6CC6967179444B8004E0DE4 /* libJotForm.a */ = {isa = PBXFileReference; explicitFileType = archive.ar; includeInIndex = 0; path = libJotForm.a; sourceTree = BUILT_PRODUCTS_DIR; };
		C6CC696E179444B8004E0DE4 /* JotForm-Prefix.pch */ = {isa = PBXFileReference; lastKnownFileType = sourcecode.c.h; path = "JotForm-Prefix.pch"; sourceTree = "<group>"; };
		C6CC6979179444CE004E0DE4 /* JotForm.h */ = {isa = PBXFileReference; fileEncoding = 4; lastKnownFileType = sourcecode.c.h; path = JotForm.h; sourceTree = "<group>"; };
		C6CC697A179444CE004E0DE4 /* JotForm.m */ = {isa = PBXFileReference; fileEncoding = 4; lastKnownFileType = sourcecode.c.objc; path = JotForm.m; sourceTree = "<group>"; };
		C6CC697B179444CE004E0DE4 /* Common.h */ = {isa = PBXFileReference; fileEncoding = 4; lastKnownFileType = sourcecode.c.h; path = Common.h; sourceTree = "<group>"; };
		C6CC6987179444CE004E0DE4 /* Reachability.m */ = {isa = PBXFileReference; fileEncoding = 4; lastKnownFileType = sourcecode.c.objc; path = Reachability.m; sourceTree = "<group>"; };
/* End PBXFileReference section */

/* Begin PBXFrameworksBuildPhase section */
		C6CC6964179444B8004E0DE4 /* Frameworks */ = {
			isa = PBXFrameworksBuildPhase;
			buildActionMask = 2147483647;
			files = (
				C6A2B09D179448DC00F1818D /* Foundation.framework in Frameworks */,
			);
			runOnlyForDeploymentPostprocessing = 0;
		};
/* End PBXFrameworksBuildPhase section */

/* Begin PBXGroup section */
		C6CC695E179444B8004E0DE4 = {
			isa = PBXGroup;
			children = (
				C6CC696C179444B8004E0DE4 /* JotForm */,
				C6CC6969179444B8004E0DE4 /* Frameworks */,
				C6CC6968179444B8004E0DE4 /* Products */,
			);
			sourceTree = "<group>";
		};
		C6CC6968179444B8004E0DE4 /* Products */ = {
			isa = PBXGroup;
			children = (
				C6CC6967179444B8004E0DE4 /* libJotForm.a */,
			);
			name = Products;
			sourceTree = "<group>";
		};
		C6CC6969179444B8004E0DE4 /* Frameworks */ = {
			isa = PBXGroup;
			children = (
				C6A2B09C179448DC00F1818D /* Foundation.framework */,
			);
			name = Frameworks;
			sourceTree = "<group>";
		};
		C6CC696C179444B8004E0DE4 /* JotForm */ = {
			isa = PBXGroup;
			children = (
				C6CC6978179444CE004E0DE4 /* Classes */,
				C6CC697B179444CE004E0DE4 /* Common.h */,
				C6CC697C179444CE004E0DE4 /* ExternalLib */,
				C6CC696D179444B8004E0DE4 /* Supporting Files */,
			);
			path = JotForm;
			sourceTree = "<group>";
		};
		C6CC696D179444B8004E0DE4 /* Supporting Files */ = {
			isa = PBXGroup;
			children = (
				C6CC696E179444B8004E0DE4 /* JotForm-Prefix.pch */,
			);
			name = "Supporting Files";
			sourceTree = "<group>";
		};
		C6CC6978179444CE004E0DE4 /* Classes */ = {
			isa = PBXGroup;
			children = (
				C6CC6979179444CE004E0DE4 /* JotForm.h */,
				C6CC697A179444CE004E0DE4 /* JotForm.m */,
			);
			path = Classes;
			sourceTree = "<group>";
		};
		C6CC697C179444CE004E0DE4 /* ExternalLib */ = {
			isa = PBXGroup;
			children = (
				C6CC697D179444CE004E0DE4 /* Classes */,
				C6CC6995179444CE004E0DE4 /* Header */,
			);
			path = ExternalLib;
			sourceTree = "<group>";
		};
		C6CC697D179444CE004E0DE4 /* Classes */ = {
			isa = PBXGroup;
			children = (
				C6CC697E179444CE004E0DE4 /* afn */,
			);
			path = Classes;
			sourceTree = "<group>";
		};
		C6CC697E179444CE004E0DE4 /* afn */ = {
			isa = PBXGroup;
			children = (
				60A58AEC19BACA7100F25CB9 /* AFHTTPRequestOperation.m */,
				60A58AED19BACA7100F25CB9 /* AFHTTPRequestOperationManager.m */,
				60A58AEE19BACA7100F25CB9 /* AFHTTPSessionManager.m */,
				60A58AEF19BACA7100F25CB9 /* AFNetworkReachabilityManager.m */,
				60A58AF019BACA7100F25CB9 /* AFSecurityPolicy.m */,
				60A58AF119BACA7100F25CB9 /* AFURLConnectionOperation.m */,
				60A58AF219BACA7100F25CB9 /* AFURLRequestSerialization.m */,
				60A58AF319BACA7100F25CB9 /* AFURLResponseSerialization.m */,
				60A58AF419BACA7100F25CB9 /* AFURLSessionManager.m */,
				C6CC6987179444CE004E0DE4 /* Reachability.m */,
			);
			name = afn;
			path = asi;
			sourceTree = "<group>";
		};
		C6CC6995179444CE004E0DE4 /* Header */ = {
			isa = PBXGroup;
			children = (
				C6CC6996179444CE004E0DE4 /* afn */,
			);
			path = Header;
			sourceTree = "<group>";
		};
		C6CC6996179444CE004E0DE4 /* afn */ = {
			isa = PBXGroup;
			children = (
				60A58AD819BAC9C900F25CB9 /* AFHTTPRequestOperation.h */,
				60A58AD919BAC9C900F25CB9 /* AFHTTPRequestOperationManager.h */,
				60A58ADA19BAC9C900F25CB9 /* AFHTTPSessionManager.h */,
				60A58ADB19BAC9C900F25CB9 /* AFNetworking.h */,
				60A58ADC19BAC9C900F25CB9 /* AFNetworkReachabilityManager.h */,
				60A58ADD19BAC9C900F25CB9 /* AFSecurityPolicy.h */,
				60A58ADE19BAC9C900F25CB9 /* AFURLConnectionOperation.h */,
				60A58ADF19BAC9C900F25CB9 /* AFURLRequestSerialization.h */,
				60A58AE019BAC9C900F25CB9 /* AFURLResponseSerialization.h */,
				60A58AE119BAC9C900F25CB9 /* AFURLSessionManager.h */,
				60DD4C6419C7763900A100C3 /* Reachability.h */,
			);
			name = afn;
			path = asi;
			sourceTree = "<group>";
		};
/* End PBXGroup section */

/* Begin PBXHeadersBuildPhase section */
		C6A2B09E1794494F00F1818D /* Headers */ = {
			isa = PBXHeadersBuildPhase;
			buildActionMask = 2147483647;
			files = (
				60A58AEB19BAC9C900F25CB9 /* AFURLSessionManager.h in Headers */,
				60A58AE619BAC9C900F25CB9 /* AFNetworkReachabilityManager.h in Headers */,
				C6A2B09F1794495600F1818D /* JotForm.h in Headers */,
				60A58AE919BAC9C900F25CB9 /* AFURLRequestSerialization.h in Headers */,
				60A58AE319BAC9C900F25CB9 /* AFHTTPRequestOperationManager.h in Headers */,
				60A58AE419BAC9C900F25CB9 /* AFHTTPSessionManager.h in Headers */,
				C6A2B0A01794495A00F1818D /* Common.h in Headers */,
				60A58AEA19BAC9C900F25CB9 /* AFURLResponseSerialization.h in Headers */,
				60A58AE219BAC9C900F25CB9 /* AFHTTPRequestOperation.h in Headers */,
				60A58AE819BAC9C900F25CB9 /* AFURLConnectionOperation.h in Headers */,
				60A58AE519BAC9C900F25CB9 /* AFNetworking.h in Headers */,
				60A58AE719BAC9C900F25CB9 /* AFSecurityPolicy.h in Headers */,
			);
			runOnlyForDeploymentPostprocessing = 0;
		};
/* End PBXHeadersBuildPhase section */

/* Begin PBXNativeTarget section */
		C6CC6966179444B8004E0DE4 /* JotForm */ = {
			isa = PBXNativeTarget;
			buildConfigurationList = C6CC6975179444B8004E0DE4 /* Build configuration list for PBXNativeTarget "JotForm" */;
			buildPhases = (
				C6CC6963179444B8004E0DE4 /* Sources */,
				C6CC6964179444B8004E0DE4 /* Frameworks */,
				C6A2B09E1794494F00F1818D /* Headers */,
				C6CC6965179444B8004E0DE4 /* Copy Files */,
				C6A2B0AA1794498000F1818D /* CopyFiles */,
				C6A2B0B71794499500F1818D /* CopyFiles */,
				C6A2B0C5179449AD00F1818D /* CopyFiles */,
			);
			buildRules = (
			);
			dependencies = (
			);
			name = JotForm;
			productName = JotForm;
			productReference = C6CC6967179444B8004E0DE4 /* libJotForm.a */;
			productType = "com.apple.product-type.library.static";
		};
/* End PBXNativeTarget section */

/* Begin PBXProject section */
		C6CC695F179444B8004E0DE4 /* Project object */ = {
			isa = PBXProject;
			attributes = {
				LastUpgradeCheck = 0610;
				ORGANIZATIONNAME = "Wang YuPing";
			};
			buildConfigurationList = C6CC6962179444B8004E0DE4 /* Build configuration list for PBXProject "JotForm" */;
			compatibilityVersion = "Xcode 3.2";
			developmentRegion = English;
			hasScannedForEncodings = 0;
			knownRegions = (
				en,
			);
			mainGroup = C6CC695E179444B8004E0DE4;
			productRefGroup = C6CC6968179444B8004E0DE4 /* Products */;
			projectDirPath = "";
			projectRoot = "";
			targets = (
				C6CC6966179444B8004E0DE4 /* JotForm */,
				C6CC69C8179444F6004E0DE4 /* JotForm-Universal */,
			);
		};
/* End PBXProject section */

/* Begin PBXShellScriptBuildPhase section */
		C6CC69CC179444FC004E0DE4 /* Creating Universal Framework */ = {
			isa = PBXShellScriptBuildPhase;
			buildActionMask = 2147483647;
			files = (
			);
			inputPaths = (
			);
			name = "Creating Universal Framework";
			outputPaths = (
			);
			runOnlyForDeploymentPostprocessing = 0;
			shellPath = /bin/sh;
			shellScript = "SIMULATOR_LIBRARY_PATH=\"${BUILD_DIR}/${CONFIGURATION}-iphonesimulator/lib${PROJECT_NAME}.a\" &&\nDEVICE_LIBRARY_PATH=\"${BUILD_DIR}/${CONFIGURATION}-iphoneos/lib${PROJECT_NAME}.a\" &&\nUNIVERSAL_LIBRARY_DIR=\"${BUILD_DIR}/${CONFIGURATION}-iphoneuniversal\" &&\nUNIVERSAL_LIBRARY_PATH=\"${UNIVERSAL_LIBRARY_DIR}/${PRODUCT_NAME}\" &&\nFRAMEWORK=\"${UNIVERSAL_LIBRARY_DIR}/${PRODUCT_NAME}.framework\" &&\n\n# Create framework directory structure.\nrm -rf \"${FRAMEWORK}\" &&\nmkdir -p \"${UNIVERSAL_LIBRARY_DIR}\" &&\nmkdir -p \"${FRAMEWORK}/Versions/A/Headers\" &&\nmkdir -p \"${FRAMEWORK}/Versions/A/Resources\" &&\n\n# Generate universal binary for the device and simulator.\nlipo \"${SIMULATOR_LIBRARY_PATH}\" \"${DEVICE_LIBRARY_PATH}\" -create -output \"${UNIVERSAL_LIBRARY_PATH}\" &&\n\n# Move files to appropriate locations in framework paths.\ncp \"${UNIVERSAL_LIBRARY_PATH}\" \"${FRAMEWORK}/Versions/A\" &&\nln -s \"A\" \"${FRAMEWORK}/Versions/Current\" &&\nln -s \"Versions/Current/Headers\" \"${FRAMEWORK}/Headers\" &&\nln -s \"Versions/Current/Resources\" \"${FRAMEWORK}/Resources\" &&\nln -s \"Versions/Current/${PRODUCT_NAME}\" \"${FRAMEWORK}/${PRODUCT_NAME}\"";
		};
		C6CC69CD17944534004E0DE4 /* Build Static Library */ = {
			isa = PBXShellScriptBuildPhase;
			buildActionMask = 2147483647;
			files = (
			);
			inputPaths = (
			);
			name = "Build Static Library";
			outputPaths = (
			);
			runOnlyForDeploymentPostprocessing = 0;
			shellPath = /bin/sh;
			shellScript = "xcodebuild -project ${PROJECT_NAME}.xcodeproj -sdk iphonesimulator -target ${PROJECT_NAME} -configuration ${CONFIGURATION} clean build CONFIGURATION_BUILD_DIR=${BUILD_DIR}/${CONFIGURATION}-iphonesimulator\n\nxcodebuild -project ${PROJECT_NAME}.xcodeproj -sdk iphoneos -target ${PROJECT_NAME} -configuration ${CONFIGURATION} clean build CONFIGURATION_BUILD_DIR=${BUILD_DIR}/${CONFIGURATION}-iphoneos";
		};
/* End PBXShellScriptBuildPhase section */

/* Begin PBXSourcesBuildPhase section */
		C6CC6963179444B8004E0DE4 /* Sources */ = {
			isa = PBXSourcesBuildPhase;
			buildActionMask = 2147483647;
			files = (
				60A58AFA19BACA7100F25CB9 /* AFURLConnectionOperation.m in Sources */,
				60A58AFC19BACA7100F25CB9 /* AFURLResponseSerialization.m in Sources */,
				60A58AF519BACA7100F25CB9 /* AFHTTPRequestOperation.m in Sources */,
				C6CC69B2179444CE004E0DE4 /* JotForm.m in Sources */,
				60A58AF819BACA7100F25CB9 /* AFNetworkReachabilityManager.m in Sources */,
				60A58AFD19BACA7100F25CB9 /* AFURLSessionManager.m in Sources */,
				60A58AF619BACA7100F25CB9 /* AFHTTPRequestOperationManager.m in Sources */,
				60A58AF919BACA7100F25CB9 /* AFSecurityPolicy.m in Sources */,
				60A58AF719BACA7100F25CB9 /* AFHTTPSessionManager.m in Sources */,
				60A58AFB19BACA7100F25CB9 /* AFURLRequestSerialization.m in Sources */,
			);
			runOnlyForDeploymentPostprocessing = 0;
		};
/* End PBXSourcesBuildPhase section */

/* Begin XCBuildConfiguration section */
		C6CC6973179444B8004E0DE4 /* Debug */ = {
			isa = XCBuildConfiguration;
			buildSettings = {
				ALWAYS_SEARCH_USER_PATHS = NO;
				CLANG_CXX_LANGUAGE_STANDARD = "gnu++0x";
				CLANG_CXX_LIBRARY = "libc++";
				CLANG_ENABLE_OBJC_ARC = YES;
				CLANG_WARN_CONSTANT_CONVERSION = YES;
				CLANG_WARN_EMPTY_BODY = YES;
				CLANG_WARN_ENUM_CONVERSION = YES;
				CLANG_WARN_INT_CONVERSION = YES;
				CLANG_WARN__DUPLICATE_METHOD_MATCH = YES;
				CODE_SIGN_IDENTITY = "";
				COPY_PHASE_STRIP = NO;
				GCC_C_LANGUAGE_STANDARD = gnu99;
				GCC_DYNAMIC_NO_PIC = NO;
				GCC_OPTIMIZATION_LEVEL = 0;
				GCC_PREPROCESSOR_DEFINITIONS = (
					"DEBUG=1",
					"$(inherited)",
				);
				GCC_SYMBOLS_PRIVATE_EXTERN = NO;
				GCC_WARN_ABOUT_RETURN_TYPE = YES;
				GCC_WARN_UNINITIALIZED_AUTOS = YES;
				GCC_WARN_UNUSED_VARIABLE = YES;
				IPHONEOS_DEPLOYMENT_TARGET = 6.1;
				ONLY_ACTIVE_ARCH = YES;
				SDKROOT = iphoneos;
			};
			name = Debug;
		};
		C6CC6974179444B8004E0DE4 /* Release */ = {
			isa = XCBuildConfiguration;
			buildSettings = {
				ALWAYS_SEARCH_USER_PATHS = NO;
				CLANG_CXX_LANGUAGE_STANDARD = "gnu++0x";
				CLANG_CXX_LIBRARY = "libc++";
				CLANG_ENABLE_OBJC_ARC = YES;
				CLANG_WARN_CONSTANT_CONVERSION = YES;
				CLANG_WARN_EMPTY_BODY = YES;
				CLANG_WARN_ENUM_CONVERSION = YES;
				CLANG_WARN_INT_CONVERSION = YES;
				CLANG_WARN__DUPLICATE_METHOD_MATCH = YES;
				CODE_SIGN_IDENTITY = "";
				COPY_PHASE_STRIP = YES;
				GCC_C_LANGUAGE_STANDARD = gnu99;
				GCC_WARN_ABOUT_RETURN_TYPE = YES;
				GCC_WARN_UNINITIALIZED_AUTOS = YES;
				GCC_WARN_UNUSED_VARIABLE = YES;
				IPHONEOS_DEPLOYMENT_TARGET = 6.1;
				SDKROOT = iphoneos;
				VALIDATE_PRODUCT = YES;
			};
			name = Release;
		};
		C6CC6976179444B8004E0DE4 /* Debug */ = {
			isa = XCBuildConfiguration;
			buildSettings = {
				CODE_SIGN_IDENTITY = "";
				DSTROOT = /tmp/JotForm.dst;
				GCC_PRECOMPILE_PREFIX_HEADER = YES;
				GCC_PREFIX_HEADER = "JotForm/JotForm-Prefix.pch";
				ONLY_ACTIVE_ARCH = NO;
				OTHER_LDFLAGS = "-ObjC";
				PRODUCT_NAME = "$(TARGET_NAME)";
				SKIP_INSTALL = YES;
				WARNING_CFLAGS = "-Wno-arc-performSelector-leaks";
			};
			name = Debug;
		};
		C6CC6977179444B8004E0DE4 /* Release */ = {
			isa = XCBuildConfiguration;
			buildSettings = {
				CODE_SIGN_IDENTITY = "";
				DSTROOT = /tmp/JotForm.dst;
				GCC_PRECOMPILE_PREFIX_HEADER = YES;
				GCC_PREFIX_HEADER = "JotForm/JotForm-Prefix.pch";
				ONLY_ACTIVE_ARCH = NO;
				OTHER_LDFLAGS = "-ObjC";
				PRODUCT_NAME = "$(TARGET_NAME)";
				SKIP_INSTALL = YES;
				WARNING_CFLAGS = "-Wno-arc-performSelector-leaks";
			};
			name = Release;
		};
		C6CC69CA179444F6004E0DE4 /* Debug */ = {
			isa = XCBuildConfiguration;
			buildSettings = {
				CODE_SIGN_IDENTITY = "";
				ONLY_ACTIVE_ARCH = NO;
				PRODUCT_NAME = JotForm;
			};
			name = Debug;
		};
		C6CC69CB179444F6004E0DE4 /* Release */ = {
			isa = XCBuildConfiguration;
			buildSettings = {
				CODE_SIGN_IDENTITY = "";
				ONLY_ACTIVE_ARCH = NO;
				PRODUCT_NAME = JotForm;
			};
			name = Release;
		};
/* End XCBuildConfiguration section */

/* Begin XCConfigurationList section */
		C6CC6962179444B8004E0DE4 /* Build configuration list for PBXProject "JotForm" */ = {
			isa = XCConfigurationList;
			buildConfigurations = (
				C6CC6973179444B8004E0DE4 /* Debug */,
				C6CC6974179444B8004E0DE4 /* Release */,
			);
			defaultConfigurationIsVisible = 0;
			defaultConfigurationName = Release;
		};
		C6CC6975179444B8004E0DE4 /* Build configuration list for PBXNativeTarget "JotForm" */ = {
			isa = XCConfigurationList;
			buildConfigurations = (
				C6CC6976179444B8004E0DE4 /* Debug */,
				C6CC6977179444B8004E0DE4 /* Release */,
			);
			defaultConfigurationIsVisible = 0;
			defaultConfigurationName = Release;
		};
		C6CC69C9179444F6004E0DE4 /* Build configuration list for PBXAggregateTarget "JotForm-Universal" */ = {
			isa = XCConfigurationList;
			buildConfigurations = (
				C6CC69CA179444F6004E0DE4 /* Debug */,
				C6CC69CB179444F6004E0DE4 /* Release */,
			);
			defaultConfigurationIsVisible = 0;
			defaultConfigurationName = Release;
		};
/* End XCConfigurationList section */
	};
	rootObject = C6CC695F179444B8004E0DE4 /* Project object */;
}
