// !$*UTF8*$!
{
	archiveVersion = 1;
	classes = {
	};
	objectVersion = 46;
	objects = {

/* Begin PBXBuildFile section */
		3CD6BF611779FDF70065788B /* UIKit.framework in Frameworks */ = {isa = PBXBuildFile; fileRef = 3CD6BF601779FDF70065788B /* UIKit.framework */; };
		3CD6BF631779FDF70065788B /* Foundation.framework in Frameworks */ = {isa = PBXBuildFile; fileRef = 3CD6BF621779FDF70065788B /* Foundation.framework */; };
		3CD6BF651779FDF70065788B /* CoreGraphics.framework in Frameworks */ = {isa = PBXBuildFile; fileRef = 3CD6BF641779FDF70065788B /* CoreGraphics.framework */; };
		3CD6BF6B1779FDF70065788B /* InfoPlist.strings in Resources */ = {isa = PBXBuildFile; fileRef = 3CD6BF691779FDF70065788B /* InfoPlist.strings */; };
		3CD6BF6D1779FDF70065788B /* main.m in Sources */ = {isa = PBXBuildFile; fileRef = 3CD6BF6C1779FDF70065788B /* main.m */; };
		3CD6BF711779FDF70065788B /* JotFormTestAppDelegate.m in Sources */ = {isa = PBXBuildFile; fileRef = 3CD6BF701779FDF70065788B /* JotFormTestAppDelegate.m */; };
		3CD6BF731779FDF70065788B /* Default.png in Resources */ = {isa = PBXBuildFile; fileRef = 3CD6BF721779FDF70065788B /* Default.png */; };
		3CD6BF751779FDF70065788B /* Default@2x.png in Resources */ = {isa = PBXBuildFile; fileRef = 3CD6BF741779FDF70065788B /* Default@2x.png */; };
		3CD6BF771779FDF70065788B /* Default-568h@2x.png in Resources */ = {isa = PBXBuildFile; fileRef = 3CD6BF761779FDF70065788B /* Default-568h@2x.png */; };
		3CD6BFAF1779FF8E0065788B /* JotFormTestViewController.m in Sources */ = {isa = PBXBuildFile; fileRef = 3CD6BFAD1779FF8E0065788B /* JotFormTestViewController.m */; };
		3CD6BFB01779FF8E0065788B /* JotFormTestViewController.xib in Resources */ = {isa = PBXBuildFile; fileRef = 3CD6BFAE1779FF8E0065788B /* JotFormTestViewController.xib */; };
		3CD6BFB2177A03E80065788B /* CFNetwork.framework in Frameworks */ = {isa = PBXBuildFile; fileRef = 3CD6BFB1177A03E80065788B /* CFNetwork.framework */; };
		3CD6BFB4177A03EE0065788B /* MobileCoreServices.framework in Frameworks */ = {isa = PBXBuildFile; fileRef = 3CD6BFB3177A03ED0065788B /* MobileCoreServices.framework */; };
		3CD6BFB6177A03F80065788B /* SystemConfiguration.framework in Frameworks */ = {isa = PBXBuildFile; fileRef = 3CD6BFB5177A03F80065788B /* SystemConfiguration.framework */; };
		3CD6BFB8177A04310065788B /* libz.dylib in Frameworks */ = {isa = PBXBuildFile; fileRef = 3CD6BFB7177A04310065788B /* libz.dylib */; };
		C3B2AF731879A4DB00FCFAEA /* GetAppKeyViewController.m in Sources */ = {isa = PBXBuildFile; fileRef = C3B2AF711879A4DB00FCFAEA /* GetAppKeyViewController.m */; };
		C3B2AF741879A4DB00FCFAEA /* GetAppKeyViewController.xib in Resources */ = {isa = PBXBuildFile; fileRef = C3B2AF721879A4DB00FCFAEA /* GetAppKeyViewController.xib */; };
		C3B2AF7B1879A76700FCFAEA /* SharedData.m in Sources */ = {isa = PBXBuildFile; fileRef = C3B2AF7A1879A76700FCFAEA /* SharedData.m */; };
		C3B2AF811879ADE400FCFAEA /* SVProgressHUD.bundle in Resources */ = {isa = PBXBuildFile; fileRef = C3B2AF7E1879ADE400FCFAEA /* SVProgressHUD.bundle */; };
		C3B2AF821879ADE400FCFAEA /* SVProgressHUD.m in Sources */ = {isa = PBXBuildFile; fileRef = C3B2AF801879ADE400FCFAEA /* SVProgressHUD.m */; };
		C3B2AF841879AE0B00FCFAEA /* QuartzCore.framework in Frameworks */ = {isa = PBXBuildFile; fileRef = C3B2AF831879AE0B00FCFAEA /* QuartzCore.framework */; };
		C3B2AF881879AF5F00FCFAEA /* SampleListViewController.m in Sources */ = {isa = PBXBuildFile; fileRef = C3B2AF861879AF5F00FCFAEA /* SampleListViewController.m */; };
		C3B2AF891879AF5F00FCFAEA /* SampleListViewController.xib in Resources */ = {isa = PBXBuildFile; fileRef = C3B2AF871879AF5F00FCFAEA /* SampleListViewController.xib */; };
		C3B2AF8D1879BBF200FCFAEA /* GetAllFormsViewController.m in Sources */ = {isa = PBXBuildFile; fileRef = C3B2AF8B1879BBF200FCFAEA /* GetAllFormsViewController.m */; };
		C3B2AF8E1879BBF200FCFAEA /* GetAllFormsViewController.xib in Resources */ = {isa = PBXBuildFile; fileRef = C3B2AF8C1879BBF200FCFAEA /* GetAllFormsViewController.xib */; };
		C6DEC47417957EE900D04655 /* ASIAuthenticationDialog.m in Sources */ = {isa = PBXBuildFile; fileRef = C6DEC43F17957EE900D04655 /* ASIAuthenticationDialog.m */; settings = {COMPILER_FLAGS = "-fno-objc-arc"; }; };
		C6DEC47517957EE900D04655 /* ASIDataCompressor.m in Sources */ = {isa = PBXBuildFile; fileRef = C6DEC44017957EE900D04655 /* ASIDataCompressor.m */; settings = {COMPILER_FLAGS = "-fno-objc-arc"; }; };
		C6DEC47617957EE900D04655 /* ASIDataDecompressor.m in Sources */ = {isa = PBXBuildFile; fileRef = C6DEC44117957EE900D04655 /* ASIDataDecompressor.m */; settings = {COMPILER_FLAGS = "-fno-objc-arc"; }; };
		C6DEC47717957EE900D04655 /* ASIDownloadCache.m in Sources */ = {isa = PBXBuildFile; fileRef = C6DEC44217957EE900D04655 /* ASIDownloadCache.m */; settings = {COMPILER_FLAGS = "-fno-objc-arc"; }; };
		C6DEC47817957EE900D04655 /* ASIFormDataRequest.m in Sources */ = {isa = PBXBuildFile; fileRef = C6DEC44317957EE900D04655 /* ASIFormDataRequest.m */; settings = {COMPILER_FLAGS = "-fno-objc-arc"; }; };
		C6DEC47917957EE900D04655 /* ASIHTTPRequest.m in Sources */ = {isa = PBXBuildFile; fileRef = C6DEC44417957EE900D04655 /* ASIHTTPRequest.m */; settings = {COMPILER_FLAGS = "-fno-objc-arc"; }; };
		C6DEC47A17957EE900D04655 /* ASIInputStream.m in Sources */ = {isa = PBXBuildFile; fileRef = C6DEC44517957EE900D04655 /* ASIInputStream.m */; settings = {COMPILER_FLAGS = "-fno-objc-arc"; }; };
		C6DEC47B17957EE900D04655 /* ASINetworkQueue.m in Sources */ = {isa = PBXBuildFile; fileRef = C6DEC44617957EE900D04655 /* ASINetworkQueue.m */; settings = {COMPILER_FLAGS = "-fno-objc-arc"; }; };
		C6DEC47C17957EE900D04655 /* Reachability.m in Sources */ = {isa = PBXBuildFile; fileRef = C6DEC44717957EE900D04655 /* Reachability.m */; settings = {COMPILER_FLAGS = "-fno-objc-arc"; }; };
		C6DEC47D17957EE900D04655 /* NSObject+SBJson.m in Sources */ = {isa = PBXBuildFile; fileRef = C6DEC44917957EE900D04655 /* NSObject+SBJson.m */; settings = {COMPILER_FLAGS = "-fno-objc-arc"; }; };
		C6DEC47E17957EE900D04655 /* SBJsonParser.m in Sources */ = {isa = PBXBuildFile; fileRef = C6DEC44A17957EE900D04655 /* SBJsonParser.m */; settings = {COMPILER_FLAGS = "-fno-objc-arc"; }; };
		C6DEC47F17957EE900D04655 /* SBJsonStreamParser.m in Sources */ = {isa = PBXBuildFile; fileRef = C6DEC44B17957EE900D04655 /* SBJsonStreamParser.m */; settings = {COMPILER_FLAGS = "-fno-objc-arc"; }; };
		C6DEC48017957EE900D04655 /* SBJsonStreamParserAccumulator.m in Sources */ = {isa = PBXBuildFile; fileRef = C6DEC44C17957EE900D04655 /* SBJsonStreamParserAccumulator.m */; settings = {COMPILER_FLAGS = "-fno-objc-arc"; }; };
		C6DEC48117957EE900D04655 /* SBJsonStreamParserAdapter.m in Sources */ = {isa = PBXBuildFile; fileRef = C6DEC44D17957EE900D04655 /* SBJsonStreamParserAdapter.m */; settings = {COMPILER_FLAGS = "-fno-objc-arc"; }; };
		C6DEC48217957EE900D04655 /* SBJsonStreamParserState.m in Sources */ = {isa = PBXBuildFile; fileRef = C6DEC44E17957EE900D04655 /* SBJsonStreamParserState.m */; settings = {COMPILER_FLAGS = "-fno-objc-arc"; }; };
		C6DEC48317957EE900D04655 /* SBJsonStreamWriter.m in Sources */ = {isa = PBXBuildFile; fileRef = C6DEC44F17957EE900D04655 /* SBJsonStreamWriter.m */; settings = {COMPILER_FLAGS = "-fno-objc-arc"; }; };
		C6DEC48417957EE900D04655 /* SBJsonStreamWriterAccumulator.m in Sources */ = {isa = PBXBuildFile; fileRef = C6DEC45017957EE900D04655 /* SBJsonStreamWriterAccumulator.m */; settings = {COMPILER_FLAGS = "-fno-objc-arc"; }; };
		C6DEC48517957EE900D04655 /* SBJsonStreamWriterState.m in Sources */ = {isa = PBXBuildFile; fileRef = C6DEC45117957EE900D04655 /* SBJsonStreamWriterState.m */; settings = {COMPILER_FLAGS = "-fno-objc-arc"; }; };
		C6DEC48617957EE900D04655 /* SBJsonTokeniser.m in Sources */ = {isa = PBXBuildFile; fileRef = C6DEC45217957EE900D04655 /* SBJsonTokeniser.m */; settings = {COMPILER_FLAGS = "-fno-objc-arc"; }; };
		C6DEC48717957EE900D04655 /* SBJsonUTF8Stream.m in Sources */ = {isa = PBXBuildFile; fileRef = C6DEC45317957EE900D04655 /* SBJsonUTF8Stream.m */; settings = {COMPILER_FLAGS = "-fno-objc-arc"; }; };
		C6DEC48817957EE900D04655 /* SBJsonWriter.m in Sources */ = {isa = PBXBuildFile; fileRef = C6DEC45417957EE900D04655 /* SBJsonWriter.m */; settings = {COMPILER_FLAGS = "-fno-objc-arc"; }; };
		C6DEC48917957EE900D04655 /* JotForm in Frameworks */ = {isa = PBXBuildFile; fileRef = C6DEC47217957EE900D04655 /* JotForm */; };
		C6DEC48A17957EE900D04655 /* JotForm.framework in Frameworks */ = {isa = PBXBuildFile; fileRef = C6DEC47317957EE900D04655 /* JotForm.framework */; };
/* End PBXBuildFile section */

/* Begin PBXFileReference section */
		3CD6BF5D1779FDF70065788B /* JotFormTest.app */ = {isa = PBXFileReference; explicitFileType = wrapper.application; includeInIndex = 0; path = JotFormTest.app; sourceTree = BUILT_PRODUCTS_DIR; };
		3CD6BF601779FDF70065788B /* UIKit.framework */ = {isa = PBXFileReference; lastKnownFileType = wrapper.framework; name = UIKit.framework; path = System/Library/Frameworks/UIKit.framework; sourceTree = SDKROOT; };
		3CD6BF621779FDF70065788B /* Foundation.framework */ = {isa = PBXFileReference; lastKnownFileType = wrapper.framework; name = Foundation.framework; path = System/Library/Frameworks/Foundation.framework; sourceTree = SDKROOT; };
		3CD6BF641779FDF70065788B /* CoreGraphics.framework */ = {isa = PBXFileReference; lastKnownFileType = wrapper.framework; name = CoreGraphics.framework; path = System/Library/Frameworks/CoreGraphics.framework; sourceTree = SDKROOT; };
		3CD6BF681779FDF70065788B /* JotFormTest-Info.plist */ = {isa = PBXFileReference; lastKnownFileType = text.plist.xml; path = "JotFormTest-Info.plist"; sourceTree = "<group>"; };
		3CD6BF6A1779FDF70065788B /* en */ = {isa = PBXFileReference; lastKnownFileType = text.plist.strings; name = en; path = en.lproj/InfoPlist.strings; sourceTree = "<group>"; };
		3CD6BF6C1779FDF70065788B /* main.m */ = {isa = PBXFileReference; lastKnownFileType = sourcecode.c.objc; path = main.m; sourceTree = "<group>"; };
		3CD6BF6E1779FDF70065788B /* JotFormTest-Prefix.pch */ = {isa = PBXFileReference; lastKnownFileType = sourcecode.c.h; path = "JotFormTest-Prefix.pch"; sourceTree = "<group>"; };
		3CD6BF6F1779FDF70065788B /* JotFormTestAppDelegate.h */ = {isa = PBXFileReference; lastKnownFileType = sourcecode.c.h; path = JotFormTestAppDelegate.h; sourceTree = "<group>"; };
		3CD6BF701779FDF70065788B /* JotFormTestAppDelegate.m */ = {isa = PBXFileReference; lastKnownFileType = sourcecode.c.objc; path = JotFormTestAppDelegate.m; sourceTree = "<group>"; };
		3CD6BF721779FDF70065788B /* Default.png */ = {isa = PBXFileReference; lastKnownFileType = image.png; path = Default.png; sourceTree = "<group>"; };
		3CD6BF741779FDF70065788B /* Default@2x.png */ = {isa = PBXFileReference; lastKnownFileType = image.png; path = "Default@2x.png"; sourceTree = "<group>"; };
		3CD6BF761779FDF70065788B /* Default-568h@2x.png */ = {isa = PBXFileReference; lastKnownFileType = image.png; path = "Default-568h@2x.png"; sourceTree = "<group>"; };
		3CD6BFAB1779FE7A0065788B /* Common.h */ = {isa = PBXFileReference; lastKnownFileType = sourcecode.c.h; path = Common.h; sourceTree = "<group>"; };
		3CD6BFAC1779FF8E0065788B /* JotFormTestViewController.h */ = {isa = PBXFileReference; fileEncoding = 4; lastKnownFileType = sourcecode.c.h; path = JotFormTestViewController.h; sourceTree = "<group>"; };
		3CD6BFAD1779FF8E0065788B /* JotFormTestViewController.m */ = {isa = PBXFileReference; fileEncoding = 4; lastKnownFileType = sourcecode.c.objc; path = JotFormTestViewController.m; sourceTree = "<group>"; };
		3CD6BFAE1779FF8E0065788B /* JotFormTestViewController.xib */ = {isa = PBXFileReference; fileEncoding = 4; lastKnownFileType = file.xib; path = JotFormTestViewController.xib; sourceTree = "<group>"; };
		3CD6BFB1177A03E80065788B /* CFNetwork.framework */ = {isa = PBXFileReference; lastKnownFileType = wrapper.framework; name = CFNetwork.framework; path = System/Library/Frameworks/CFNetwork.framework; sourceTree = SDKROOT; };
		3CD6BFB3177A03ED0065788B /* MobileCoreServices.framework */ = {isa = PBXFileReference; lastKnownFileType = wrapper.framework; name = MobileCoreServices.framework; path = System/Library/Frameworks/MobileCoreServices.framework; sourceTree = SDKROOT; };
		3CD6BFB5177A03F80065788B /* SystemConfiguration.framework */ = {isa = PBXFileReference; lastKnownFileType = wrapper.framework; name = SystemConfiguration.framework; path = System/Library/Frameworks/SystemConfiguration.framework; sourceTree = SDKROOT; };
		3CD6BFB7177A04310065788B /* libz.dylib */ = {isa = PBXFileReference; lastKnownFileType = "compiled.mach-o.dylib"; name = libz.dylib; path = usr/lib/libz.dylib; sourceTree = SDKROOT; };
		C3B2AF701879A4DB00FCFAEA /* GetAppKeyViewController.h */ = {isa = PBXFileReference; fileEncoding = 4; lastKnownFileType = sourcecode.c.h; path = GetAppKeyViewController.h; sourceTree = "<group>"; };
		C3B2AF711879A4DB00FCFAEA /* GetAppKeyViewController.m */ = {isa = PBXFileReference; fileEncoding = 4; lastKnownFileType = sourcecode.c.objc; path = GetAppKeyViewController.m; sourceTree = "<group>"; };
		C3B2AF721879A4DB00FCFAEA /* GetAppKeyViewController.xib */ = {isa = PBXFileReference; fileEncoding = 4; lastKnownFileType = file.xib; path = GetAppKeyViewController.xib; sourceTree = "<group>"; };
		C3B2AF791879A76700FCFAEA /* SharedData.h */ = {isa = PBXFileReference; fileEncoding = 4; lastKnownFileType = sourcecode.c.h; path = SharedData.h; sourceTree = "<group>"; };
		C3B2AF7A1879A76700FCFAEA /* SharedData.m */ = {isa = PBXFileReference; fileEncoding = 4; lastKnownFileType = sourcecode.c.objc; path = SharedData.m; sourceTree = "<group>"; };
		C3B2AF7D1879ADE400FCFAEA /* SVProgressHUD-Prefix.pch */ = {isa = PBXFileReference; fileEncoding = 4; lastKnownFileType = sourcecode.c.h; path = "SVProgressHUD-Prefix.pch"; sourceTree = "<group>"; };
		C3B2AF7E1879ADE400FCFAEA /* SVProgressHUD.bundle */ = {isa = PBXFileReference; lastKnownFileType = "wrapper.plug-in"; path = SVProgressHUD.bundle; sourceTree = "<group>"; };
		C3B2AF7F1879ADE400FCFAEA /* SVProgressHUD.h */ = {isa = PBXFileReference; fileEncoding = 4; lastKnownFileType = sourcecode.c.h; path = SVProgressHUD.h; sourceTree = "<group>"; };
		C3B2AF801879ADE400FCFAEA /* SVProgressHUD.m */ = {isa = PBXFileReference; fileEncoding = 4; lastKnownFileType = sourcecode.c.objc; path = SVProgressHUD.m; sourceTree = "<group>"; };
		C3B2AF831879AE0B00FCFAEA /* QuartzCore.framework */ = {isa = PBXFileReference; lastKnownFileType = wrapper.framework; name = QuartzCore.framework; path = System/Library/Frameworks/QuartzCore.framework; sourceTree = SDKROOT; };
		C3B2AF851879AF5F00FCFAEA /* SampleListViewController.h */ = {isa = PBXFileReference; fileEncoding = 4; lastKnownFileType = sourcecode.c.h; path = SampleListViewController.h; sourceTree = "<group>"; };
		C3B2AF861879AF5F00FCFAEA /* SampleListViewController.m */ = {isa = PBXFileReference; fileEncoding = 4; lastKnownFileType = sourcecode.c.objc; path = SampleListViewController.m; sourceTree = "<group>"; };
		C3B2AF871879AF5F00FCFAEA /* SampleListViewController.xib */ = {isa = PBXFileReference; fileEncoding = 4; lastKnownFileType = file.xib; path = SampleListViewController.xib; sourceTree = "<group>"; };
		C3B2AF8A1879BBF200FCFAEA /* GetAllFormsViewController.h */ = {isa = PBXFileReference; fileEncoding = 4; lastKnownFileType = sourcecode.c.h; path = GetAllFormsViewController.h; sourceTree = "<group>"; };
		C3B2AF8B1879BBF200FCFAEA /* GetAllFormsViewController.m */ = {isa = PBXFileReference; fileEncoding = 4; lastKnownFileType = sourcecode.c.objc; path = GetAllFormsViewController.m; sourceTree = "<group>"; };
		C3B2AF8C1879BBF200FCFAEA /* GetAllFormsViewController.xib */ = {isa = PBXFileReference; fileEncoding = 4; lastKnownFileType = file.xib; path = GetAllFormsViewController.xib; sourceTree = "<group>"; };
		C6DEC43F17957EE900D04655 /* ASIAuthenticationDialog.m */ = {isa = PBXFileReference; fileEncoding = 4; lastKnownFileType = sourcecode.c.objc; path = ASIAuthenticationDialog.m; sourceTree = "<group>"; };
		C6DEC44017957EE900D04655 /* ASIDataCompressor.m */ = {isa = PBXFileReference; fileEncoding = 4; lastKnownFileType = sourcecode.c.objc; path = ASIDataCompressor.m; sourceTree = "<group>"; };
		C6DEC44117957EE900D04655 /* ASIDataDecompressor.m */ = {isa = PBXFileReference; fileEncoding = 4; lastKnownFileType = sourcecode.c.objc; path = ASIDataDecompressor.m; sourceTree = "<group>"; };
		C6DEC44217957EE900D04655 /* ASIDownloadCache.m */ = {isa = PBXFileReference; fileEncoding = 4; lastKnownFileType = sourcecode.c.objc; path = ASIDownloadCache.m; sourceTree = "<group>"; };
		C6DEC44317957EE900D04655 /* ASIFormDataRequest.m */ = {isa = PBXFileReference; fileEncoding = 4; lastKnownFileType = sourcecode.c.objc; path = ASIFormDataRequest.m; sourceTree = "<group>"; };
		C6DEC44417957EE900D04655 /* ASIHTTPRequest.m */ = {isa = PBXFileReference; fileEncoding = 4; lastKnownFileType = sourcecode.c.objc; path = ASIHTTPRequest.m; sourceTree = "<group>"; };
		C6DEC44517957EE900D04655 /* ASIInputStream.m */ = {isa = PBXFileReference; fileEncoding = 4; lastKnownFileType = sourcecode.c.objc; path = ASIInputStream.m; sourceTree = "<group>"; };
		C6DEC44617957EE900D04655 /* ASINetworkQueue.m */ = {isa = PBXFileReference; fileEncoding = 4; lastKnownFileType = sourcecode.c.objc; path = ASINetworkQueue.m; sourceTree = "<group>"; };
		C6DEC44717957EE900D04655 /* Reachability.m */ = {isa = PBXFileReference; fileEncoding = 4; lastKnownFileType = sourcecode.c.objc; path = Reachability.m; sourceTree = "<group>"; };
		C6DEC44917957EE900D04655 /* NSObject+SBJson.m */ = {isa = PBXFileReference; fileEncoding = 4; lastKnownFileType = sourcecode.c.objc; path = "NSObject+SBJson.m"; sourceTree = "<group>"; };
		C6DEC44A17957EE900D04655 /* SBJsonParser.m */ = {isa = PBXFileReference; fileEncoding = 4; lastKnownFileType = sourcecode.c.objc; path = SBJsonParser.m; sourceTree = "<group>"; };
		C6DEC44B17957EE900D04655 /* SBJsonStreamParser.m */ = {isa = PBXFileReference; fileEncoding = 4; lastKnownFileType = sourcecode.c.objc; path = SBJsonStreamParser.m; sourceTree = "<group>"; };
		C6DEC44C17957EE900D04655 /* SBJsonStreamParserAccumulator.m */ = {isa = PBXFileReference; fileEncoding = 4; lastKnownFileType = sourcecode.c.objc; path = SBJsonStreamParserAccumulator.m; sourceTree = "<group>"; };
		C6DEC44D17957EE900D04655 /* SBJsonStreamParserAdapter.m */ = {isa = PBXFileReference; fileEncoding = 4; lastKnownFileType = sourcecode.c.objc; path = SBJsonStreamParserAdapter.m; sourceTree = "<group>"; };
		C6DEC44E17957EE900D04655 /* SBJsonStreamParserState.m */ = {isa = PBXFileReference; fileEncoding = 4; lastKnownFileType = sourcecode.c.objc; path = SBJsonStreamParserState.m; sourceTree = "<group>"; };
		C6DEC44F17957EE900D04655 /* SBJsonStreamWriter.m */ = {isa = PBXFileReference; fileEncoding = 4; lastKnownFileType = sourcecode.c.objc; path = SBJsonStreamWriter.m; sourceTree = "<group>"; };
		C6DEC45017957EE900D04655 /* SBJsonStreamWriterAccumulator.m */ = {isa = PBXFileReference; fileEncoding = 4; lastKnownFileType = sourcecode.c.objc; path = SBJsonStreamWriterAccumulator.m; sourceTree = "<group>"; };
		C6DEC45117957EE900D04655 /* SBJsonStreamWriterState.m */ = {isa = PBXFileReference; fileEncoding = 4; lastKnownFileType = sourcecode.c.objc; path = SBJsonStreamWriterState.m; sourceTree = "<group>"; };
		C6DEC45217957EE900D04655 /* SBJsonTokeniser.m */ = {isa = PBXFileReference; fileEncoding = 4; lastKnownFileType = sourcecode.c.objc; path = SBJsonTokeniser.m; sourceTree = "<group>"; };
		C6DEC45317957EE900D04655 /* SBJsonUTF8Stream.m */ = {isa = PBXFileReference; fileEncoding = 4; lastKnownFileType = sourcecode.c.objc; path = SBJsonUTF8Stream.m; sourceTree = "<group>"; };
		C6DEC45417957EE900D04655 /* SBJsonWriter.m */ = {isa = PBXFileReference; fileEncoding = 4; lastKnownFileType = sourcecode.c.objc; path = SBJsonWriter.m; sourceTree = "<group>"; };
		C6DEC45717957EE900D04655 /* ASIAuthenticationDialog.h */ = {isa = PBXFileReference; fileEncoding = 4; lastKnownFileType = sourcecode.c.h; path = ASIAuthenticationDialog.h; sourceTree = "<group>"; };
		C6DEC45817957EE900D04655 /* ASICacheDelegate.h */ = {isa = PBXFileReference; fileEncoding = 4; lastKnownFileType = sourcecode.c.h; path = ASICacheDelegate.h; sourceTree = "<group>"; };
		C6DEC45917957EE900D04655 /* ASIDataCompressor.h */ = {isa = PBXFileReference; fileEncoding = 4; lastKnownFileType = sourcecode.c.h; path = ASIDataCompressor.h; sourceTree = "<group>"; };
		C6DEC45A17957EE900D04655 /* ASIDataDecompressor.h */ = {isa = PBXFileReference; fileEncoding = 4; lastKnownFileType = sourcecode.c.h; path = ASIDataDecompressor.h; sourceTree = "<group>"; };
		C6DEC45B17957EE900D04655 /* ASIDownloadCache.h */ = {isa = PBXFileReference; fileEncoding = 4; lastKnownFileType = sourcecode.c.h; path = ASIDownloadCache.h; sourceTree = "<group>"; };
		C6DEC45C17957EE900D04655 /* ASIFormDataRequest.h */ = {isa = PBXFileReference; fileEncoding = 4; lastKnownFileType = sourcecode.c.h; path = ASIFormDataRequest.h; sourceTree = "<group>"; };
		C6DEC45D17957EE900D04655 /* ASIHTTPRequest.h */ = {isa = PBXFileReference; fileEncoding = 4; lastKnownFileType = sourcecode.c.h; path = ASIHTTPRequest.h; sourceTree = "<group>"; };
		C6DEC45E17957EE900D04655 /* ASIHTTPRequestConfig.h */ = {isa = PBXFileReference; fileEncoding = 4; lastKnownFileType = sourcecode.c.h; path = ASIHTTPRequestConfig.h; sourceTree = "<group>"; };
		C6DEC45F17957EE900D04655 /* ASIHTTPRequestDelegate.h */ = {isa = PBXFileReference; fileEncoding = 4; lastKnownFileType = sourcecode.c.h; path = ASIHTTPRequestDelegate.h; sourceTree = "<group>"; };
		C6DEC46017957EE900D04655 /* ASIInputStream.h */ = {isa = PBXFileReference; fileEncoding = 4; lastKnownFileType = sourcecode.c.h; path = ASIInputStream.h; sourceTree = "<group>"; };
		C6DEC46117957EE900D04655 /* ASINetworkQueue.h */ = {isa = PBXFileReference; fileEncoding = 4; lastKnownFileType = sourcecode.c.h; path = ASINetworkQueue.h; sourceTree = "<group>"; };
		C6DEC46217957EE900D04655 /* ASIProgressDelegate.h */ = {isa = PBXFileReference; fileEncoding = 4; lastKnownFileType = sourcecode.c.h; path = ASIProgressDelegate.h; sourceTree = "<group>"; };
		C6DEC46317957EE900D04655 /* Reachability.h */ = {isa = PBXFileReference; fileEncoding = 4; lastKnownFileType = sourcecode.c.h; path = Reachability.h; sourceTree = "<group>"; };
		C6DEC46517957EE900D04655 /* NSObject+SBJson.h */ = {isa = PBXFileReference; fileEncoding = 4; lastKnownFileType = sourcecode.c.h; path = "NSObject+SBJson.h"; sourceTree = "<group>"; };
		C6DEC46617957EE900D04655 /* SBJson.h */ = {isa = PBXFileReference; fileEncoding = 4; lastKnownFileType = sourcecode.c.h; path = SBJson.h; sourceTree = "<group>"; };
		C6DEC46717957EE900D04655 /* SBJsonParser.h */ = {isa = PBXFileReference; fileEncoding = 4; lastKnownFileType = sourcecode.c.h; path = SBJsonParser.h; sourceTree = "<group>"; };
		C6DEC46817957EE900D04655 /* SBJsonStreamParser.h */ = {isa = PBXFileReference; fileEncoding = 4; lastKnownFileType = sourcecode.c.h; path = SBJsonStreamParser.h; sourceTree = "<group>"; };
		C6DEC46917957EE900D04655 /* SBJsonStreamParserAccumulator.h */ = {isa = PBXFileReference; fileEncoding = 4; lastKnownFileType = sourcecode.c.h; path = SBJsonStreamParserAccumulator.h; sourceTree = "<group>"; };
		C6DEC46A17957EE900D04655 /* SBJsonStreamParserAdapter.h */ = {isa = PBXFileReference; fileEncoding = 4; lastKnownFileType = sourcecode.c.h; path = SBJsonStreamParserAdapter.h; sourceTree = "<group>"; };
		C6DEC46B17957EE900D04655 /* SBJsonStreamParserState.h */ = {isa = PBXFileReference; fileEncoding = 4; lastKnownFileType = sourcecode.c.h; path = SBJsonStreamParserState.h; sourceTree = "<group>"; };
		C6DEC46C17957EE900D04655 /* SBJsonStreamWriter.h */ = {isa = PBXFileReference; fileEncoding = 4; lastKnownFileType = sourcecode.c.h; path = SBJsonStreamWriter.h; sourceTree = "<group>"; };
		C6DEC46D17957EE900D04655 /* SBJsonStreamWriterAccumulator.h */ = {isa = PBXFileReference; fileEncoding = 4; lastKnownFileType = sourcecode.c.h; path = SBJsonStreamWriterAccumulator.h; sourceTree = "<group>"; };
		C6DEC46E17957EE900D04655 /* SBJsonStreamWriterState.h */ = {isa = PBXFileReference; fileEncoding = 4; lastKnownFileType = sourcecode.c.h; path = SBJsonStreamWriterState.h; sourceTree = "<group>"; };
		C6DEC46F17957EE900D04655 /* SBJsonTokeniser.h */ = {isa = PBXFileReference; fileEncoding = 4; lastKnownFileType = sourcecode.c.h; path = SBJsonTokeniser.h; sourceTree = "<group>"; };
		C6DEC47017957EE900D04655 /* SBJsonUTF8Stream.h */ = {isa = PBXFileReference; fileEncoding = 4; lastKnownFileType = sourcecode.c.h; path = SBJsonUTF8Stream.h; sourceTree = "<group>"; };
		C6DEC47117957EE900D04655 /* SBJsonWriter.h */ = {isa = PBXFileReference; fileEncoding = 4; lastKnownFileType = sourcecode.c.h; path = SBJsonWriter.h; sourceTree = "<group>"; };
		C6DEC47217957EE900D04655 /* JotForm */ = {isa = PBXFileReference; lastKnownFileType = archive.ar; path = JotForm; sourceTree = "<group>"; };
		C6DEC47317957EE900D04655 /* JotForm.framework */ = {isa = PBXFileReference; lastKnownFileType = wrapper.framework; path = JotForm.framework; sourceTree = "<group>"; };
/* End PBXFileReference section */

/* Begin PBXFrameworksBuildPhase section */
		3CD6BF5A1779FDF70065788B /* Frameworks */ = {
			isa = PBXFrameworksBuildPhase;
			buildActionMask = 2147483647;
			files = (
				C3B2AF841879AE0B00FCFAEA /* QuartzCore.framework in Frameworks */,
				3CD6BFB8177A04310065788B /* libz.dylib in Frameworks */,
				3CD6BFB6177A03F80065788B /* SystemConfiguration.framework in Frameworks */,
				3CD6BFB4177A03EE0065788B /* MobileCoreServices.framework in Frameworks */,
				3CD6BFB2177A03E80065788B /* CFNetwork.framework in Frameworks */,
				3CD6BF611779FDF70065788B /* UIKit.framework in Frameworks */,
				3CD6BF631779FDF70065788B /* Foundation.framework in Frameworks */,
				3CD6BF651779FDF70065788B /* CoreGraphics.framework in Frameworks */,
				C6DEC48917957EE900D04655 /* JotForm in Frameworks */,
				C6DEC48A17957EE900D04655 /* JotForm.framework in Frameworks */,
			);
			runOnlyForDeploymentPostprocessing = 0;
		};
/* End PBXFrameworksBuildPhase section */

/* Begin PBXGroup section */
		3CD6BF541779FDF70065788B = {
			isa = PBXGroup;
			children = (
				3CD6BF661779FDF70065788B /* JotFormTest */,
				3CD6BF5F1779FDF70065788B /* Frameworks */,
				3CD6BF5E1779FDF70065788B /* Products */,
			);
			sourceTree = "<group>";
		};
		3CD6BF5E1779FDF70065788B /* Products */ = {
			isa = PBXGroup;
			children = (
				3CD6BF5D1779FDF70065788B /* JotFormTest.app */,
			);
			name = Products;
			sourceTree = "<group>";
		};
		3CD6BF5F1779FDF70065788B /* Frameworks */ = {
			isa = PBXGroup;
			children = (
				C3B2AF831879AE0B00FCFAEA /* QuartzCore.framework */,
				3CD6BFB7177A04310065788B /* libz.dylib */,
				3CD6BFB5177A03F80065788B /* SystemConfiguration.framework */,
				3CD6BFB3177A03ED0065788B /* MobileCoreServices.framework */,
				3CD6BFB1177A03E80065788B /* CFNetwork.framework */,
				3CD6BF601779FDF70065788B /* UIKit.framework */,
				3CD6BF621779FDF70065788B /* Foundation.framework */,
				3CD6BF641779FDF70065788B /* CoreGraphics.framework */,
			);
			name = Frameworks;
			sourceTree = "<group>";
		};
		3CD6BF661779FDF70065788B /* JotFormTest */ = {
			isa = PBXGroup;
			children = (
				3CD6BF7D1779FE460065788B /* Classes */,
				3CD6BF6F1779FDF70065788B /* JotFormTestAppDelegate.h */,
				3CD6BF701779FDF70065788B /* JotFormTestAppDelegate.m */,
				3CD6BF671779FDF70065788B /* Supporting Files */,
			);
			path = JotFormTest;
			sourceTree = "<group>";
		};
		3CD6BF671779FDF70065788B /* Supporting Files */ = {
			isa = PBXGroup;
			children = (
				3CD6BF681779FDF70065788B /* JotFormTest-Info.plist */,
				3CD6BF691779FDF70065788B /* InfoPlist.strings */,
				3CD6BF6C1779FDF70065788B /* main.m */,
				3CD6BF6E1779FDF70065788B /* JotFormTest-Prefix.pch */,
				3CD6BF721779FDF70065788B /* Default.png */,
				3CD6BF741779FDF70065788B /* Default@2x.png */,
				3CD6BF761779FDF70065788B /* Default-568h@2x.png */,
			);
			name = "Supporting Files";
			sourceTree = "<group>";
		};
		3CD6BF7D1779FE460065788B /* Classes */ = {
			isa = PBXGroup;
			children = (
				C69709A9178D50B600858450 /* Extern */,
				3CD6BF7E1779FE460065788B /* Controller */,
				3CD6BF9B1779FE460065788B /* Model */,
				3CD6BF9E1779FE460065788B /* View */,
			);
			path = Classes;
			sourceTree = "<group>";
		};
		3CD6BF7E1779FE460065788B /* Controller */ = {
			isa = PBXGroup;
			children = (
				3CD6BFAC1779FF8E0065788B /* JotFormTestViewController.h */,
				3CD6BFAD1779FF8E0065788B /* JotFormTestViewController.m */,
				3CD6BFAE1779FF8E0065788B /* JotFormTestViewController.xib */,
				C3B2AF701879A4DB00FCFAEA /* GetAppKeyViewController.h */,
				C3B2AF711879A4DB00FCFAEA /* GetAppKeyViewController.m */,
				C3B2AF721879A4DB00FCFAEA /* GetAppKeyViewController.xib */,
				C3B2AF851879AF5F00FCFAEA /* SampleListViewController.h */,
				C3B2AF861879AF5F00FCFAEA /* SampleListViewController.m */,
				C3B2AF871879AF5F00FCFAEA /* SampleListViewController.xib */,
				C3B2AF8A1879BBF200FCFAEA /* GetAllFormsViewController.h */,
				C3B2AF8B1879BBF200FCFAEA /* GetAllFormsViewController.m */,
				C3B2AF8C1879BBF200FCFAEA /* GetAllFormsViewController.xib */,
			);
			path = Controller;
			sourceTree = "<group>";
		};
		3CD6BF9B1779FE460065788B /* Model */ = {
			isa = PBXGroup;
			children = (
				3CD6BFAB1779FE7A0065788B /* Common.h */,
				C3B2AF791879A76700FCFAEA /* SharedData.h */,
				C3B2AF7A1879A76700FCFAEA /* SharedData.m */,
			);
			path = Model;
			sourceTree = "<group>";
		};
		3CD6BF9E1779FE460065788B /* View */ = {
			isa = PBXGroup;
			children = (
			);
			path = View;
			sourceTree = "<group>";
		};
		C3B2AF7C1879ADE400FCFAEA /* SVProgressHUD */ = {
			isa = PBXGroup;
			children = (
				C3B2AF7D1879ADE400FCFAEA /* SVProgressHUD-Prefix.pch */,
				C3B2AF7E1879ADE400FCFAEA /* SVProgressHUD.bundle */,
				C3B2AF7F1879ADE400FCFAEA /* SVProgressHUD.h */,
				C3B2AF801879ADE400FCFAEA /* SVProgressHUD.m */,
			);
			path = SVProgressHUD;
			sourceTree = "<group>";
		};
		C69709A9178D50B600858450 /* Extern */ = {
			isa = PBXGroup;
			children = (
				C3B2AF7C1879ADE400FCFAEA /* SVProgressHUD */,
				C6DEC43B17957EE900D04655 /* JotForm */,
			);
			path = Extern;
			sourceTree = "<group>";
		};
		C6DEC43B17957EE900D04655 /* JotForm */ = {
			isa = PBXGroup;
			children = (
				C6DEC43C17957EE900D04655 /* ExternalLib */,
				C6DEC47217957EE900D04655 /* JotForm */,
				C6DEC47317957EE900D04655 /* JotForm.framework */,
			);
			path = JotForm;
			sourceTree = "<group>";
		};
		C6DEC43C17957EE900D04655 /* ExternalLib */ = {
			isa = PBXGroup;
			children = (
				C6DEC43D17957EE900D04655 /* Classes */,
				C6DEC45517957EE900D04655 /* Header */,
			);
			path = ExternalLib;
			sourceTree = "<group>";
		};
		C6DEC43D17957EE900D04655 /* Classes */ = {
			isa = PBXGroup;
			children = (
				C6DEC43E17957EE900D04655 /* asi */,
				C6DEC44817957EE900D04655 /* json */,
			);
			path = Classes;
			sourceTree = "<group>";
		};
		C6DEC43E17957EE900D04655 /* asi */ = {
			isa = PBXGroup;
			children = (
				C6DEC43F17957EE900D04655 /* ASIAuthenticationDialog.m */,
				C6DEC44017957EE900D04655 /* ASIDataCompressor.m */,
				C6DEC44117957EE900D04655 /* ASIDataDecompressor.m */,
				C6DEC44217957EE900D04655 /* ASIDownloadCache.m */,
				C6DEC44317957EE900D04655 /* ASIFormDataRequest.m */,
				C6DEC44417957EE900D04655 /* ASIHTTPRequest.m */,
				C6DEC44517957EE900D04655 /* ASIInputStream.m */,
				C6DEC44617957EE900D04655 /* ASINetworkQueue.m */,
				C6DEC44717957EE900D04655 /* Reachability.m */,
			);
			path = asi;
			sourceTree = "<group>";
		};
		C6DEC44817957EE900D04655 /* json */ = {
			isa = PBXGroup;
			children = (
				C6DEC44917957EE900D04655 /* NSObject+SBJson.m */,
				C6DEC44A17957EE900D04655 /* SBJsonParser.m */,
				C6DEC44B17957EE900D04655 /* SBJsonStreamParser.m */,
				C6DEC44C17957EE900D04655 /* SBJsonStreamParserAccumulator.m */,
				C6DEC44D17957EE900D04655 /* SBJsonStreamParserAdapter.m */,
				C6DEC44E17957EE900D04655 /* SBJsonStreamParserState.m */,
				C6DEC44F17957EE900D04655 /* SBJsonStreamWriter.m */,
				C6DEC45017957EE900D04655 /* SBJsonStreamWriterAccumulator.m */,
				C6DEC45117957EE900D04655 /* SBJsonStreamWriterState.m */,
				C6DEC45217957EE900D04655 /* SBJsonTokeniser.m */,
				C6DEC45317957EE900D04655 /* SBJsonUTF8Stream.m */,
				C6DEC45417957EE900D04655 /* SBJsonWriter.m */,
			);
			path = json;
			sourceTree = "<group>";
		};
		C6DEC45517957EE900D04655 /* Header */ = {
			isa = PBXGroup;
			children = (
				C6DEC45617957EE900D04655 /* asi */,
				C6DEC46417957EE900D04655 /* json */,
			);
			path = Header;
			sourceTree = "<group>";
		};
		C6DEC45617957EE900D04655 /* asi */ = {
			isa = PBXGroup;
			children = (
				C6DEC45717957EE900D04655 /* ASIAuthenticationDialog.h */,
				C6DEC45817957EE900D04655 /* ASICacheDelegate.h */,
				C6DEC45917957EE900D04655 /* ASIDataCompressor.h */,
				C6DEC45A17957EE900D04655 /* ASIDataDecompressor.h */,
				C6DEC45B17957EE900D04655 /* ASIDownloadCache.h */,
				C6DEC45C17957EE900D04655 /* ASIFormDataRequest.h */,
				C6DEC45D17957EE900D04655 /* ASIHTTPRequest.h */,
				C6DEC45E17957EE900D04655 /* ASIHTTPRequestConfig.h */,
				C6DEC45F17957EE900D04655 /* ASIHTTPRequestDelegate.h */,
				C6DEC46017957EE900D04655 /* ASIInputStream.h */,
				C6DEC46117957EE900D04655 /* ASINetworkQueue.h */,
				C6DEC46217957EE900D04655 /* ASIProgressDelegate.h */,
				C6DEC46317957EE900D04655 /* Reachability.h */,
			);
			path = asi;
			sourceTree = "<group>";
		};
		C6DEC46417957EE900D04655 /* json */ = {
			isa = PBXGroup;
			children = (
				C6DEC46517957EE900D04655 /* NSObject+SBJson.h */,
				C6DEC46617957EE900D04655 /* SBJson.h */,
				C6DEC46717957EE900D04655 /* SBJsonParser.h */,
				C6DEC46817957EE900D04655 /* SBJsonStreamParser.h */,
				C6DEC46917957EE900D04655 /* SBJsonStreamParserAccumulator.h */,
				C6DEC46A17957EE900D04655 /* SBJsonStreamParserAdapter.h */,
				C6DEC46B17957EE900D04655 /* SBJsonStreamParserState.h */,
				C6DEC46C17957EE900D04655 /* SBJsonStreamWriter.h */,
				C6DEC46D17957EE900D04655 /* SBJsonStreamWriterAccumulator.h */,
				C6DEC46E17957EE900D04655 /* SBJsonStreamWriterState.h */,
				C6DEC46F17957EE900D04655 /* SBJsonTokeniser.h */,
				C6DEC47017957EE900D04655 /* SBJsonUTF8Stream.h */,
				C6DEC47117957EE900D04655 /* SBJsonWriter.h */,
			);
			path = json;
			sourceTree = "<group>";
		};
/* End PBXGroup section */

/* Begin PBXNativeTarget section */
		3CD6BF5C1779FDF70065788B /* JotFormTest */ = {
			isa = PBXNativeTarget;
			buildConfigurationList = 3CD6BF7A1779FDF70065788B /* Build configuration list for PBXNativeTarget "JotFormTest" */;
			buildPhases = (
				3CD6BF591779FDF70065788B /* Sources */,
				3CD6BF5A1779FDF70065788B /* Frameworks */,
				3CD6BF5B1779FDF70065788B /* Resources */,
			);
			buildRules = (
			);
			dependencies = (
			);
			name = JotFormTest;
			productName = JotFormTest;
			productReference = 3CD6BF5D1779FDF70065788B /* JotFormTest.app */;
			productType = "com.apple.product-type.application";
		};
/* End PBXNativeTarget section */

/* Begin PBXProject section */
		3CD6BF551779FDF70065788B /* Project object */ = {
			isa = PBXProject;
			attributes = {
				CLASSPREFIX = JotFormTest;
				LastUpgradeCheck = 0460;
				ORGANIZATIONNAME = wang;
			};
			buildConfigurationList = 3CD6BF581779FDF70065788B /* Build configuration list for PBXProject "JotFormTest" */;
			compatibilityVersion = "Xcode 3.2";
			developmentRegion = English;
			hasScannedForEncodings = 0;
			knownRegions = (
				en,
			);
			mainGroup = 3CD6BF541779FDF70065788B;
			productRefGroup = 3CD6BF5E1779FDF70065788B /* Products */;
			projectDirPath = "";
			projectRoot = "";
			targets = (
				3CD6BF5C1779FDF70065788B /* JotFormTest */,
			);
		};
/* End PBXProject section */

/* Begin PBXResourcesBuildPhase section */
		3CD6BF5B1779FDF70065788B /* Resources */ = {
			isa = PBXResourcesBuildPhase;
			buildActionMask = 2147483647;
			files = (
				C3B2AF8E1879BBF200FCFAEA /* GetAllFormsViewController.xib in Resources */,
				C3B2AF811879ADE400FCFAEA /* SVProgressHUD.bundle in Resources */,
				3CD6BF6B1779FDF70065788B /* InfoPlist.strings in Resources */,
				C3B2AF891879AF5F00FCFAEA /* SampleListViewController.xib in Resources */,
				3CD6BF731779FDF70065788B /* Default.png in Resources */,
				3CD6BF751779FDF70065788B /* Default@2x.png in Resources */,
				3CD6BF771779FDF70065788B /* Default-568h@2x.png in Resources */,
				3CD6BFB01779FF8E0065788B /* JotFormTestViewController.xib in Resources */,
				C3B2AF741879A4DB00FCFAEA /* GetAppKeyViewController.xib in Resources */,
			);
			runOnlyForDeploymentPostprocessing = 0;
		};
/* End PBXResourcesBuildPhase section */

/* Begin PBXSourcesBuildPhase section */
		3CD6BF591779FDF70065788B /* Sources */ = {
			isa = PBXSourcesBuildPhase;
			buildActionMask = 2147483647;
			files = (
				3CD6BF6D1779FDF70065788B /* main.m in Sources */,
				3CD6BF711779FDF70065788B /* JotFormTestAppDelegate.m in Sources */,
				3CD6BFAF1779FF8E0065788B /* JotFormTestViewController.m in Sources */,
				C3B2AF731879A4DB00FCFAEA /* GetAppKeyViewController.m in Sources */,
				C6DEC47417957EE900D04655 /* ASIAuthenticationDialog.m in Sources */,
				C3B2AF821879ADE400FCFAEA /* SVProgressHUD.m in Sources */,
				C6DEC47517957EE900D04655 /* ASIDataCompressor.m in Sources */,
				C6DEC47617957EE900D04655 /* ASIDataDecompressor.m in Sources */,
				C6DEC47717957EE900D04655 /* ASIDownloadCache.m in Sources */,
				C6DEC47817957EE900D04655 /* ASIFormDataRequest.m in Sources */,
				C6DEC47917957EE900D04655 /* ASIHTTPRequest.m in Sources */,
				C6DEC47A17957EE900D04655 /* ASIInputStream.m in Sources */,
				C6DEC47B17957EE900D04655 /* ASINetworkQueue.m in Sources */,
				C6DEC47C17957EE900D04655 /* Reachability.m in Sources */,
				C6DEC47D17957EE900D04655 /* NSObject+SBJson.m in Sources */,
				C6DEC47E17957EE900D04655 /* SBJsonParser.m in Sources */,
				C6DEC47F17957EE900D04655 /* SBJsonStreamParser.m in Sources */,
				C6DEC48017957EE900D04655 /* SBJsonStreamParserAccumulator.m in Sources */,
				C6DEC48117957EE900D04655 /* SBJsonStreamParserAdapter.m in Sources */,
				C6DEC48217957EE900D04655 /* SBJsonStreamParserState.m in Sources */,
				C6DEC48317957EE900D04655 /* SBJsonStreamWriter.m in Sources */,
				C6DEC48417957EE900D04655 /* SBJsonStreamWriterAccumulator.m in Sources */,
				C3B2AF8D1879BBF200FCFAEA /* GetAllFormsViewController.m in Sources */,
				C6DEC48517957EE900D04655 /* SBJsonStreamWriterState.m in Sources */,
				C3B2AF7B1879A76700FCFAEA /* SharedData.m in Sources */,
				C6DEC48617957EE900D04655 /* SBJsonTokeniser.m in Sources */,
				C6DEC48717957EE900D04655 /* SBJsonUTF8Stream.m in Sources */,
				C3B2AF881879AF5F00FCFAEA /* SampleListViewController.m in Sources */,
				C6DEC48817957EE900D04655 /* SBJsonWriter.m in Sources */,
			);
			runOnlyForDeploymentPostprocessing = 0;
		};
/* End PBXSourcesBuildPhase section */

/* Begin PBXVariantGroup section */
		3CD6BF691779FDF70065788B /* InfoPlist.strings */ = {
			isa = PBXVariantGroup;
			children = (
				3CD6BF6A1779FDF70065788B /* en */,
			);
			name = InfoPlist.strings;
			sourceTree = "<group>";
		};
/* End PBXVariantGroup section */

/* Begin XCBuildConfiguration section */
		3CD6BF781779FDF70065788B /* Debug */ = {
			isa = XCBuildConfiguration;
			buildSettings = {
				ALWAYS_SEARCH_USER_PATHS = NO;
				CLANG_CXX_LANGUAGE_STANDARD = "gnu++0x";
				CLANG_CXX_LIBRARY = "libc++";
				CLANG_ENABLE_OBJC_ARC = YES;
				CLANG_WARN_CONSTANT_CONVERSION = YES;
				CLANG_WARN_EMPTY_BODY = YES;
				CLANG_WARN_ENUM_CONVERSION = YES;
				CLANG_WARN_INT_CONVERSION = YES;
				CLANG_WARN__DUPLICATE_METHOD_MATCH = YES;
				CODE_SIGN_IDENTITY = "";
				"CODE_SIGN_IDENTITY[sdk=iphoneos*]" = "";
				COPY_PHASE_STRIP = NO;
				GCC_C_LANGUAGE_STANDARD = gnu99;
				GCC_DYNAMIC_NO_PIC = NO;
				GCC_OPTIMIZATION_LEVEL = 0;
				GCC_PREPROCESSOR_DEFINITIONS = (
					"DEBUG=1",
					"$(inherited)",
				);
				GCC_SYMBOLS_PRIVATE_EXTERN = NO;
				GCC_WARN_ABOUT_RETURN_TYPE = YES;
				GCC_WARN_UNINITIALIZED_AUTOS = YES;
				GCC_WARN_UNUSED_VARIABLE = YES;
				IPHONEOS_DEPLOYMENT_TARGET = 6.1;
				ONLY_ACTIVE_ARCH = YES;
				SDKROOT = iphoneos;
			};
			name = Debug;
		};
		3CD6BF791779FDF70065788B /* Release */ = {
			isa = XCBuildConfiguration;
			buildSettings = {
				ALWAYS_SEARCH_USER_PATHS = NO;
				CLANG_CXX_LANGUAGE_STANDARD = "gnu++0x";
				CLANG_CXX_LIBRARY = "libc++";
				CLANG_ENABLE_OBJC_ARC = YES;
				CLANG_WARN_CONSTANT_CONVERSION = YES;
				CLANG_WARN_EMPTY_BODY = YES;
				CLANG_WARN_ENUM_CONVERSION = YES;
				CLANG_WARN_INT_CONVERSION = YES;
				CLANG_WARN__DUPLICATE_METHOD_MATCH = YES;
				CODE_SIGN_IDENTITY = "";
				"CODE_SIGN_IDENTITY[sdk=iphoneos*]" = "";
				COPY_PHASE_STRIP = YES;
				GCC_C_LANGUAGE_STANDARD = gnu99;
				GCC_WARN_ABOUT_RETURN_TYPE = YES;
				GCC_WARN_UNINITIALIZED_AUTOS = YES;
				GCC_WARN_UNUSED_VARIABLE = YES;
				IPHONEOS_DEPLOYMENT_TARGET = 6.1;
				OTHER_CFLAGS = "-DNS_BLOCK_ASSERTIONS=1";
				SDKROOT = iphoneos;
				VALIDATE_PRODUCT = YES;
			};
			name = Release;
		};
		3CD6BF7B1779FDF70065788B /* Debug */ = {
			isa = XCBuildConfiguration;
			buildSettings = {
				FRAMEWORK_SEARCH_PATHS = (
					"$(inherited)",
					"\"$(SRCROOT)/JotFormTest/Classes/Extern/JotForm\"",
				);
				GCC_PRECOMPILE_PREFIX_HEADER = YES;
				GCC_PREFIX_HEADER = "JotFormTest/JotFormTest-Prefix.pch";
				INFOPLIST_FILE = "JotFormTest/JotFormTest-Info.plist";
				LIBRARY_SEARCH_PATHS = (
					"$(inherited)",
					"\"$(SRCROOT)/JotFormTest/Classes/Extern/JotForm\"",
				);
				PRODUCT_NAME = "$(TARGET_NAME)";
				WRAPPER_EXTENSION = app;
			};
			name = Debug;
		};
		3CD6BF7C1779FDF70065788B /* Release */ = {
			isa = XCBuildConfiguration;
			buildSettings = {
				"CODE_SIGN_IDENTITY[sdk=iphoneos*]" = "";
				FRAMEWORK_SEARCH_PATHS = (
					"$(inherited)",
					"\"$(SRCROOT)/JotFormTest/Classes/Extern/JotForm\"",
				);
				GCC_PRECOMPILE_PREFIX_HEADER = YES;
				GCC_PREFIX_HEADER = "JotFormTest/JotFormTest-Prefix.pch";
				INFOPLIST_FILE = "JotFormTest/JotFormTest-Info.plist";
				LIBRARY_SEARCH_PATHS = (
					"$(inherited)",
					"\"$(SRCROOT)/JotFormTest/Classes/Extern/JotForm\"",
				);
				PRODUCT_NAME = "$(TARGET_NAME)";
				WRAPPER_EXTENSION = app;
			};
			name = Release;
		};
/* End XCBuildConfiguration section */

/* Begin XCConfigurationList section */
		3CD6BF581779FDF70065788B /* Build configuration list for PBXProject "JotFormTest" */ = {
			isa = XCConfigurationList;
			buildConfigurations = (
				3CD6BF781779FDF70065788B /* Debug */,
				3CD6BF791779FDF70065788B /* Release */,
			);
			defaultConfigurationIsVisible = 0;
			defaultConfigurationName = Release;
		};
		3CD6BF7A1779FDF70065788B /* Build configuration list for PBXNativeTarget "JotFormTest" */ = {
			isa = XCConfigurationList;
			buildConfigurations = (
				3CD6BF7B1779FDF70065788B /* Debug */,
				3CD6BF7C1779FDF70065788B /* Release */,
			);
			defaultConfigurationIsVisible = 0;
			defaultConfigurationName = Release;
		};
/* End XCConfigurationList section */
	};
	rootObject = 3CD6BF551779FDF70065788B /* Project object */;
}
