// !$*UTF8*$!
{
	archiveVersion = 1;
	classes = {
	};
	objectVersion = 46;
	objects = {

/* Begin PBXBuildFile section */
		3CD6BF611779FDF70065788B /* UIKit.framework in Frameworks */ = {isa = PBXBuildFile; fileRef = 3CD6BF601779FDF70065788B /* UIKit.framework */; };
		3CD6BF631779FDF70065788B /* Foundation.framework in Frameworks */ = {isa = PBXBuildFile; fileRef = 3CD6BF621779FDF70065788B /* Foundation.framework */; };
		3CD6BFB2177A03E80065788B /* CFNetwork.framework in Frameworks */ = {isa = PBXBuildFile; fileRef = 3CD6BFB1177A03E80065788B /* CFNetwork.framework */; };
		3CD6BFB4177A03EE0065788B /* MobileCoreServices.framework in Frameworks */ = {isa = PBXBuildFile; fileRef = 3CD6BFB3177A03ED0065788B /* MobileCoreServices.framework */; };
		3CD6BFB6177A03F80065788B /* SystemConfiguration.framework in Frameworks */ = {isa = PBXBuildFile; fileRef = 3CD6BFB5177A03F80065788B /* SystemConfiguration.framework */; };
		3CD6BFB8177A04310065788B /* libz.dylib in Frameworks */ = {isa = PBXBuildFile; fileRef = 3CD6BFB7177A04310065788B /* libz.dylib */; };
		4D38EDA521D523998EEA64ED /* Pods_JotFormTest.framework in Frameworks */ = {isa = PBXBuildFile; fileRef = B0394BA1567EBAAF178EF682 /* Pods_JotFormTest.framework */; };
		604B759919F6DFCA00B873D4 /* CreateFormsViewController.m in Sources */ = {isa = PBXBuildFile; fileRef = 604B759719F6DFCA00B873D4 /* CreateFormsViewController.m */; };
		604B759A19F6DFCA00B873D4 /* CreateFormsViewController.xib in Resources */ = {isa = PBXBuildFile; fileRef = 604B759819F6DFCA00B873D4 /* CreateFormsViewController.xib */; };
		604B75EC19F6E23A00B873D4 /* Security.framework in Frameworks */ = {isa = PBXBuildFile; fileRef = 604B75EB19F6E23A00B873D4 /* Security.framework */; };
		604B75F519F6E59800B873D4 /* CreateFormQuestionsViewController.m in Sources */ = {isa = PBXBuildFile; fileRef = 604B75F319F6E59800B873D4 /* CreateFormQuestionsViewController.m */; };
		604B75F619F6E59800B873D4 /* CreateFormQuestionsViewController.xib in Resources */ = {isa = PBXBuildFile; fileRef = 604B75F419F6E59800B873D4 /* CreateFormQuestionsViewController.xib */; };
		A61E082A1F4B5C0D00330B48 /* LoadSettingsViewController.m in Sources */ = {isa = PBXBuildFile; fileRef = A61E08281F4B5C0D00330B48 /* LoadSettingsViewController.m */; };
		A61E082B1F4B5C0D00330B48 /* LoadSettingsViewController.xib in Resources */ = {isa = PBXBuildFile; fileRef = A61E08291F4B5C0D00330B48 /* LoadSettingsViewController.xib */; };
		A62BE2891F4B81BA00A68DA1 /* GetHistoryViewController.m in Sources */ = {isa = PBXBuildFile; fileRef = A62BE2871F4B81BA00A68DA1 /* GetHistoryViewController.m */; };
		A62BE28A1F4B81BA00A68DA1 /* GetHistoryViewController.xib in Resources */ = {isa = PBXBuildFile; fileRef = A62BE2881F4B81BA00A68DA1 /* GetHistoryViewController.xib */; };
		A62BE28E1F4B85B700A68DA1 /* GetFormPropertiesViewController.m in Sources */ = {isa = PBXBuildFile; fileRef = A62BE28C1F4B85B700A68DA1 /* GetFormPropertiesViewController.m */; };
		A62BE28F1F4B85B700A68DA1 /* GetFormPropertiesViewController.xib in Resources */ = {isa = PBXBuildFile; fileRef = A62BE28D1F4B85B700A68DA1 /* GetFormPropertiesViewController.xib */; };
		A62BE2931F4BA8B200A68DA1 /* CreateFormPropertiesViewController.m in Sources */ = {isa = PBXBuildFile; fileRef = A62BE2911F4BA8B200A68DA1 /* CreateFormPropertiesViewController.m */; };
		A62BE2941F4BA8B200A68DA1 /* CreateFormPropertiesViewController.xib in Resources */ = {isa = PBXBuildFile; fileRef = A62BE2921F4BA8B200A68DA1 /* CreateFormPropertiesViewController.xib */; };
		A67475EE2011542900E43826 /* Launch.xib in Resources */ = {isa = PBXBuildFile; fileRef = A67475ED2011542900E43826 /* Launch.xib */; };
		A6CDD63A20224BF800EC3643 /* GetAppKeyViewController.swift in Sources */ = {isa = PBXBuildFile; fileRef = A6CDD63920224BF800EC3643 /* GetAppKeyViewController.swift */; };
		A6CDD63C2022532000EC3643 /* Common.swift in Sources */ = {isa = PBXBuildFile; fileRef = A6CDD63B2022532000EC3643 /* Common.swift */; };
		A6CDD63F20225ED600EC3643 /* SharedData.swift in Sources */ = {isa = PBXBuildFile; fileRef = A6CDD63E20225ED600EC3643 /* SharedData.swift */; };
		A6CDD67B202273C400EC3643 /* JotFormTestAppDelegate.swift in Sources */ = {isa = PBXBuildFile; fileRef = A6CDD67A202273C400EC3643 /* JotFormTestAppDelegate.swift */; };
		A6CDD67F202276A200EC3643 /* JotFormTest-Info.plist in Resources */ = {isa = PBXBuildFile; fileRef = A6CDD67E202276A200EC3643 /* JotFormTest-Info.plist */; };
		A6D49EDF20223A78009966A5 /* JotForm_iOS.framework in Frameworks */ = {isa = PBXBuildFile; fileRef = A62BCA6C201A868100F8A59A /* JotForm_iOS.framework */; };
		A6EFEC0D2022A8B200CD33EF /* SampleListViewController.swift in Sources */ = {isa = PBXBuildFile; fileRef = A6EFEC0C2022A8B200CD33EF /* SampleListViewController.swift */; };
		C3541DD9187A5AC200FE19DB /* TPKeyboardAvoidingCollectionView.m in Sources */ = {isa = PBXBuildFile; fileRef = C3541DD2187A5AC200FE19DB /* TPKeyboardAvoidingCollectionView.m */; };
		C3541DDA187A5AC200FE19DB /* TPKeyboardAvoidingScrollView.m in Sources */ = {isa = PBXBuildFile; fileRef = C3541DD4187A5AC200FE19DB /* TPKeyboardAvoidingScrollView.m */; };
		C3541DDB187A5AC200FE19DB /* TPKeyboardAvoidingTableView.m in Sources */ = {isa = PBXBuildFile; fileRef = C3541DD6187A5AC200FE19DB /* TPKeyboardAvoidingTableView.m */; };
		C3541DDC187A5AC200FE19DB /* UIScrollView+TPKeyboardAvoidingAdditions.m in Sources */ = {isa = PBXBuildFile; fileRef = C3541DD8187A5AC200FE19DB /* UIScrollView+TPKeyboardAvoidingAdditions.m */; };
		C3541DE0187A86CA00FE19DB /* DataListViewController.m in Sources */ = {isa = PBXBuildFile; fileRef = C3541DDE187A86CA00FE19DB /* DataListViewController.m */; };
		C3541DE1187A86CA00FE19DB /* DataListViewController.xib in Resources */ = {isa = PBXBuildFile; fileRef = C3541DDF187A86CA00FE19DB /* DataListViewController.xib */; };
		C3541DE5187AF52600FE19DB /* GetAllSubmissionsViewController.m in Sources */ = {isa = PBXBuildFile; fileRef = C3541DE3187AF52600FE19DB /* GetAllSubmissionsViewController.m */; };
		C3541DE6187AF52600FE19DB /* GetAllSubmissionsViewController.xib in Resources */ = {isa = PBXBuildFile; fileRef = C3541DE4187AF52600FE19DB /* GetAllSubmissionsViewController.xib */; };
		C3541DEB187B10C100FE19DB /* CreateFormViewController.m in Sources */ = {isa = PBXBuildFile; fileRef = C3541DE9187B10C100FE19DB /* CreateFormViewController.m */; };
		C3541DEC187B10C100FE19DB /* CreateFormViewController.xib in Resources */ = {isa = PBXBuildFile; fileRef = C3541DEA187B10C100FE19DB /* CreateFormViewController.xib */; };
		C35EA48B187D5831009DEB74 /* RegisterUserViewController.m in Sources */ = {isa = PBXBuildFile; fileRef = C35EA489187D5831009DEB74 /* RegisterUserViewController.m */; };
		C35EA48C187D5831009DEB74 /* RegisterUserViewController.xib in Resources */ = {isa = PBXBuildFile; fileRef = C35EA48A187D5831009DEB74 /* RegisterUserViewController.xib */; };
		C35EA490187D9DB7009DEB74 /* CreateQuestionViewController.m in Sources */ = {isa = PBXBuildFile; fileRef = C35EA48E187D9DB7009DEB74 /* CreateQuestionViewController.m */; };
		C35EA491187D9DB7009DEB74 /* CreateQuestionViewController.xib in Resources */ = {isa = PBXBuildFile; fileRef = C35EA48F187D9DB7009DEB74 /* CreateQuestionViewController.xib */; };
		C395C814187C06AA00AD6A6C /* GetFormReportsViewController.m in Sources */ = {isa = PBXBuildFile; fileRef = C395C812187C06AA00AD6A6C /* GetFormReportsViewController.m */; };
		C395C815187C06AA00AD6A6C /* GetFormReportsViewController.xib in Resources */ = {isa = PBXBuildFile; fileRef = C395C813187C06AA00AD6A6C /* GetFormReportsViewController.xib */; };
		C395C819187C3C3900AD6A6C /* CreateSubmissionViewController.m in Sources */ = {isa = PBXBuildFile; fileRef = C395C817187C3C3900AD6A6C /* CreateSubmissionViewController.m */; };
		C395C81A187C3C3900AD6A6C /* CreateSubmissionViewController.xib in Resources */ = {isa = PBXBuildFile; fileRef = C395C818187C3C3900AD6A6C /* CreateSubmissionViewController.xib */; };
		C395C81E187C620700AD6A6C /* CreateReportViewController.m in Sources */ = {isa = PBXBuildFile; fileRef = C395C81C187C620700AD6A6C /* CreateReportViewController.m */; };
		C395C81F187C620700AD6A6C /* CreateReportViewController.xib in Resources */ = {isa = PBXBuildFile; fileRef = C395C81D187C620700AD6A6C /* CreateReportViewController.xib */; };
		C3B2AF741879A4DB00FCFAEA /* GetAppKeyViewController.xib in Resources */ = {isa = PBXBuildFile; fileRef = C3B2AF721879A4DB00FCFAEA /* GetAppKeyViewController.xib */; };
		C3B2AF811879ADE400FCFAEA /* SVProgressHUD.bundle in Resources */ = {isa = PBXBuildFile; fileRef = C3B2AF7E1879ADE400FCFAEA /* SVProgressHUD.bundle */; };
		C3B2AF821879ADE400FCFAEA /* SVProgressHUD.m in Sources */ = {isa = PBXBuildFile; fileRef = C3B2AF801879ADE400FCFAEA /* SVProgressHUD.m */; };
		C3B2AF891879AF5F00FCFAEA /* SampleListViewController.xib in Resources */ = {isa = PBXBuildFile; fileRef = C3B2AF871879AF5F00FCFAEA /* SampleListViewController.xib */; };
		C3B2AF8D1879BBF200FCFAEA /* GetAllFormsViewController.m in Sources */ = {isa = PBXBuildFile; fileRef = C3B2AF8B1879BBF200FCFAEA /* GetAllFormsViewController.m */; };
		C3B2AF8E1879BBF200FCFAEA /* GetAllFormsViewController.xib in Resources */ = {isa = PBXBuildFile; fileRef = C3B2AF8C1879BBF200FCFAEA /* GetAllFormsViewController.xib */; };
/* End PBXBuildFile section */

/* Begin PBXFileReference section */
		3CD6BF5D1779FDF70065788B /* JotFormTest.app */ = {isa = PBXFileReference; explicitFileType = wrapper.application; includeInIndex = 0; path = JotFormTest.app; sourceTree = BUILT_PRODUCTS_DIR; };
		3CD6BF601779FDF70065788B /* UIKit.framework */ = {isa = PBXFileReference; lastKnownFileType = wrapper.framework; name = UIKit.framework; path = System/Library/Frameworks/UIKit.framework; sourceTree = SDKROOT; };
		3CD6BF621779FDF70065788B /* Foundation.framework */ = {isa = PBXFileReference; lastKnownFileType = wrapper.framework; name = Foundation.framework; path = System/Library/Frameworks/Foundation.framework; sourceTree = SDKROOT; };
		3CD6BF641779FDF70065788B /* CoreGraphics.framework */ = {isa = PBXFileReference; lastKnownFileType = wrapper.framework; name = CoreGraphics.framework; path = System/Library/Frameworks/CoreGraphics.framework; sourceTree = SDKROOT; };
		3CD6BFB1177A03E80065788B /* CFNetwork.framework */ = {isa = PBXFileReference; lastKnownFileType = wrapper.framework; name = CFNetwork.framework; path = System/Library/Frameworks/CFNetwork.framework; sourceTree = SDKROOT; };
		3CD6BFB3177A03ED0065788B /* MobileCoreServices.framework */ = {isa = PBXFileReference; lastKnownFileType = wrapper.framework; name = MobileCoreServices.framework; path = System/Library/Frameworks/MobileCoreServices.framework; sourceTree = SDKROOT; };
		3CD6BFB5177A03F80065788B /* SystemConfiguration.framework */ = {isa = PBXFileReference; lastKnownFileType = wrapper.framework; name = SystemConfiguration.framework; path = System/Library/Frameworks/SystemConfiguration.framework; sourceTree = SDKROOT; };
		3CD6BFB7177A04310065788B /* libz.dylib */ = {isa = PBXFileReference; lastKnownFileType = "compiled.mach-o.dylib"; name = libz.dylib; path = usr/lib/libz.dylib; sourceTree = SDKROOT; };
		53D5790738BF1EED95796421 /* Pods-JotFormTest.release.xcconfig */ = {isa = PBXFileReference; includeInIndex = 1; lastKnownFileType = text.xcconfig; name = "Pods-JotFormTest.release.xcconfig"; path = "Pods/Target Support Files/Pods-JotFormTest/Pods-JotFormTest.release.xcconfig"; sourceTree = "<group>"; };
		604B759619F6DFCA00B873D4 /* CreateFormsViewController.h */ = {isa = PBXFileReference; fileEncoding = 4; lastKnownFileType = sourcecode.c.h; path = CreateFormsViewController.h; sourceTree = "<group>"; };
		604B759719F6DFCA00B873D4 /* CreateFormsViewController.m */ = {isa = PBXFileReference; fileEncoding = 4; lastKnownFileType = sourcecode.c.objc; path = CreateFormsViewController.m; sourceTree = "<group>"; };
		604B759819F6DFCA00B873D4 /* CreateFormsViewController.xib */ = {isa = PBXFileReference; fileEncoding = 4; lastKnownFileType = file.xib; path = CreateFormsViewController.xib; sourceTree = "<group>"; };
		604B75EB19F6E23A00B873D4 /* Security.framework */ = {isa = PBXFileReference; lastKnownFileType = wrapper.framework; name = Security.framework; path = System/Library/Frameworks/Security.framework; sourceTree = SDKROOT; };
		604B75F219F6E59800B873D4 /* CreateFormQuestionsViewController.h */ = {isa = PBXFileReference; fileEncoding = 4; lastKnownFileType = sourcecode.c.h; path = CreateFormQuestionsViewController.h; sourceTree = "<group>"; };
		604B75F319F6E59800B873D4 /* CreateFormQuestionsViewController.m */ = {isa = PBXFileReference; fileEncoding = 4; lastKnownFileType = sourcecode.c.objc; path = CreateFormQuestionsViewController.m; sourceTree = "<group>"; };
		604B75F419F6E59800B873D4 /* CreateFormQuestionsViewController.xib */ = {isa = PBXFileReference; fileEncoding = 4; lastKnownFileType = file.xib; path = CreateFormQuestionsViewController.xib; sourceTree = "<group>"; };
		A61E08271F4B5C0D00330B48 /* LoadSettingsViewController.h */ = {isa = PBXFileReference; lastKnownFileType = sourcecode.c.h; path = LoadSettingsViewController.h; sourceTree = "<group>"; };
		A61E08281F4B5C0D00330B48 /* LoadSettingsViewController.m */ = {isa = PBXFileReference; lastKnownFileType = sourcecode.c.objc; path = LoadSettingsViewController.m; sourceTree = "<group>"; };
		A61E08291F4B5C0D00330B48 /* LoadSettingsViewController.xib */ = {isa = PBXFileReference; lastKnownFileType = file.xib; path = LoadSettingsViewController.xib; sourceTree = "<group>"; };
		A62BCA6C201A868100F8A59A /* JotForm_iOS.framework */ = {isa = PBXFileReference; lastKnownFileType = wrapper.framework; path = JotForm_iOS.framework; sourceTree = "<group>"; };
		A62BE2861F4B81BA00A68DA1 /* GetHistoryViewController.h */ = {isa = PBXFileReference; lastKnownFileType = sourcecode.c.h; path = GetHistoryViewController.h; sourceTree = "<group>"; };
		A62BE2871F4B81BA00A68DA1 /* GetHistoryViewController.m */ = {isa = PBXFileReference; lastKnownFileType = sourcecode.c.objc; path = GetHistoryViewController.m; sourceTree = "<group>"; };
		A62BE2881F4B81BA00A68DA1 /* GetHistoryViewController.xib */ = {isa = PBXFileReference; lastKnownFileType = file.xib; path = GetHistoryViewController.xib; sourceTree = "<group>"; };
		A62BE28B1F4B85B700A68DA1 /* GetFormPropertiesViewController.h */ = {isa = PBXFileReference; lastKnownFileType = sourcecode.c.h; path = GetFormPropertiesViewController.h; sourceTree = "<group>"; };
		A62BE28C1F4B85B700A68DA1 /* GetFormPropertiesViewController.m */ = {isa = PBXFileReference; lastKnownFileType = sourcecode.c.objc; path = GetFormPropertiesViewController.m; sourceTree = "<group>"; };
		A62BE28D1F4B85B700A68DA1 /* GetFormPropertiesViewController.xib */ = {isa = PBXFileReference; lastKnownFileType = file.xib; path = GetFormPropertiesViewController.xib; sourceTree = "<group>"; };
		A62BE2901F4BA8B200A68DA1 /* CreateFormPropertiesViewController.h */ = {isa = PBXFileReference; lastKnownFileType = sourcecode.c.h; path = CreateFormPropertiesViewController.h; sourceTree = "<group>"; };
		A62BE2911F4BA8B200A68DA1 /* CreateFormPropertiesViewController.m */ = {isa = PBXFileReference; lastKnownFileType = sourcecode.c.objc; path = CreateFormPropertiesViewController.m; sourceTree = "<group>"; };
		A62BE2921F4BA8B200A68DA1 /* CreateFormPropertiesViewController.xib */ = {isa = PBXFileReference; lastKnownFileType = file.xib; path = CreateFormPropertiesViewController.xib; sourceTree = "<group>"; };
		A67475ED2011542900E43826 /* Launch.xib */ = {isa = PBXFileReference; lastKnownFileType = file.xib; path = Launch.xib; sourceTree = "<group>"; };
		A6CDD63920224BF800EC3643 /* GetAppKeyViewController.swift */ = {isa = PBXFileReference; lastKnownFileType = sourcecode.swift; path = GetAppKeyViewController.swift; sourceTree = "<group>"; };
		A6CDD63B2022532000EC3643 /* Common.swift */ = {isa = PBXFileReference; lastKnownFileType = sourcecode.swift; path = Common.swift; sourceTree = "<group>"; };
		A6CDD63E20225ED600EC3643 /* SharedData.swift */ = {isa = PBXFileReference; lastKnownFileType = sourcecode.swift; path = SharedData.swift; sourceTree = "<group>"; };
		A6CDD67A202273C400EC3643 /* JotFormTestAppDelegate.swift */ = {isa = PBXFileReference; lastKnownFileType = sourcecode.swift; path = JotFormTestAppDelegate.swift; sourceTree = "<group>"; };
		A6CDD67E202276A200EC3643 /* JotFormTest-Info.plist */ = {isa = PBXFileReference; fileEncoding = 4; lastKnownFileType = text.plist.xml; path = "JotFormTest-Info.plist"; sourceTree = "<group>"; };
		A6CDD680202280DE00EC3643 /* JotFormBridgingHeader.h */ = {isa = PBXFileReference; lastKnownFileType = sourcecode.c.h; path = JotFormBridgingHeader.h; sourceTree = "<group>"; };
		A6EFEC0C2022A8B200CD33EF /* SampleListViewController.swift */ = {isa = PBXFileReference; lastKnownFileType = sourcecode.swift; path = SampleListViewController.swift; sourceTree = "<group>"; };
		B0394BA1567EBAAF178EF682 /* Pods_JotFormTest.framework */ = {isa = PBXFileReference; explicitFileType = wrapper.framework; includeInIndex = 0; path = Pods_JotFormTest.framework; sourceTree = BUILT_PRODUCTS_DIR; };
		C3541DD1187A5AC200FE19DB /* TPKeyboardAvoidingCollectionView.h */ = {isa = PBXFileReference; fileEncoding = 4; lastKnownFileType = sourcecode.c.h; path = TPKeyboardAvoidingCollectionView.h; sourceTree = "<group>"; };
		C3541DD2187A5AC200FE19DB /* TPKeyboardAvoidingCollectionView.m */ = {isa = PBXFileReference; fileEncoding = 4; lastKnownFileType = sourcecode.c.objc; path = TPKeyboardAvoidingCollectionView.m; sourceTree = "<group>"; };
		C3541DD3187A5AC200FE19DB /* TPKeyboardAvoidingScrollView.h */ = {isa = PBXFileReference; fileEncoding = 4; lastKnownFileType = sourcecode.c.h; path = TPKeyboardAvoidingScrollView.h; sourceTree = "<group>"; };
		C3541DD4187A5AC200FE19DB /* TPKeyboardAvoidingScrollView.m */ = {isa = PBXFileReference; fileEncoding = 4; lastKnownFileType = sourcecode.c.objc; path = TPKeyboardAvoidingScrollView.m; sourceTree = "<group>"; };
		C3541DD5187A5AC200FE19DB /* TPKeyboardAvoidingTableView.h */ = {isa = PBXFileReference; fileEncoding = 4; lastKnownFileType = sourcecode.c.h; path = TPKeyboardAvoidingTableView.h; sourceTree = "<group>"; };
		C3541DD6187A5AC200FE19DB /* TPKeyboardAvoidingTableView.m */ = {isa = PBXFileReference; fileEncoding = 4; lastKnownFileType = sourcecode.c.objc; path = TPKeyboardAvoidingTableView.m; sourceTree = "<group>"; };
		C3541DD7187A5AC200FE19DB /* UIScrollView+TPKeyboardAvoidingAdditions.h */ = {isa = PBXFileReference; fileEncoding = 4; lastKnownFileType = sourcecode.c.h; path = "UIScrollView+TPKeyboardAvoidingAdditions.h"; sourceTree = "<group>"; };
		C3541DD8187A5AC200FE19DB /* UIScrollView+TPKeyboardAvoidingAdditions.m */ = {isa = PBXFileReference; fileEncoding = 4; lastKnownFileType = sourcecode.c.objc; path = "UIScrollView+TPKeyboardAvoidingAdditions.m"; sourceTree = "<group>"; };
		C3541DDD187A86CA00FE19DB /* DataListViewController.h */ = {isa = PBXFileReference; fileEncoding = 4; lastKnownFileType = sourcecode.c.h; path = DataListViewController.h; sourceTree = "<group>"; };
		C3541DDE187A86CA00FE19DB /* DataListViewController.m */ = {isa = PBXFileReference; fileEncoding = 4; lastKnownFileType = sourcecode.c.objc; path = DataListViewController.m; sourceTree = "<group>"; };
		C3541DDF187A86CA00FE19DB /* DataListViewController.xib */ = {isa = PBXFileReference; fileEncoding = 4; lastKnownFileType = file.xib; path = DataListViewController.xib; sourceTree = "<group>"; };
		C3541DE2187AF52600FE19DB /* GetAllSubmissionsViewController.h */ = {isa = PBXFileReference; fileEncoding = 4; lastKnownFileType = sourcecode.c.h; path = GetAllSubmissionsViewController.h; sourceTree = "<group>"; };
		C3541DE3187AF52600FE19DB /* GetAllSubmissionsViewController.m */ = {isa = PBXFileReference; fileEncoding = 4; lastKnownFileType = sourcecode.c.objc; path = GetAllSubmissionsViewController.m; sourceTree = "<group>"; };
		C3541DE4187AF52600FE19DB /* GetAllSubmissionsViewController.xib */ = {isa = PBXFileReference; fileEncoding = 4; lastKnownFileType = file.xib; path = GetAllSubmissionsViewController.xib; sourceTree = "<group>"; };
		C3541DE8187B10C100FE19DB /* CreateFormViewController.h */ = {isa = PBXFileReference; fileEncoding = 4; lastKnownFileType = sourcecode.c.h; path = CreateFormViewController.h; sourceTree = "<group>"; };
		C3541DE9187B10C100FE19DB /* CreateFormViewController.m */ = {isa = PBXFileReference; fileEncoding = 4; lastKnownFileType = sourcecode.c.objc; path = CreateFormViewController.m; sourceTree = "<group>"; };
		C3541DEA187B10C100FE19DB /* CreateFormViewController.xib */ = {isa = PBXFileReference; fileEncoding = 4; lastKnownFileType = file.xib; path = CreateFormViewController.xib; sourceTree = "<group>"; };
		C35EA488187D5831009DEB74 /* RegisterUserViewController.h */ = {isa = PBXFileReference; fileEncoding = 4; lastKnownFileType = sourcecode.c.h; path = RegisterUserViewController.h; sourceTree = "<group>"; };
		C35EA489187D5831009DEB74 /* RegisterUserViewController.m */ = {isa = PBXFileReference; fileEncoding = 4; lastKnownFileType = sourcecode.c.objc; path = RegisterUserViewController.m; sourceTree = "<group>"; };
		C35EA48A187D5831009DEB74 /* RegisterUserViewController.xib */ = {isa = PBXFileReference; fileEncoding = 4; lastKnownFileType = file.xib; path = RegisterUserViewController.xib; sourceTree = "<group>"; };
		C35EA48D187D9DB7009DEB74 /* CreateQuestionViewController.h */ = {isa = PBXFileReference; fileEncoding = 4; lastKnownFileType = sourcecode.c.h; path = CreateQuestionViewController.h; sourceTree = "<group>"; };
		C35EA48E187D9DB7009DEB74 /* CreateQuestionViewController.m */ = {isa = PBXFileReference; fileEncoding = 4; lastKnownFileType = sourcecode.c.objc; path = CreateQuestionViewController.m; sourceTree = "<group>"; };
		C35EA48F187D9DB7009DEB74 /* CreateQuestionViewController.xib */ = {isa = PBXFileReference; fileEncoding = 4; lastKnownFileType = file.xib; path = CreateQuestionViewController.xib; sourceTree = "<group>"; };
		C395C811187C06AA00AD6A6C /* GetFormReportsViewController.h */ = {isa = PBXFileReference; fileEncoding = 4; lastKnownFileType = sourcecode.c.h; path = GetFormReportsViewController.h; sourceTree = "<group>"; };
		C395C812187C06AA00AD6A6C /* GetFormReportsViewController.m */ = {isa = PBXFileReference; fileEncoding = 4; lastKnownFileType = sourcecode.c.objc; path = GetFormReportsViewController.m; sourceTree = "<group>"; };
		C395C813187C06AA00AD6A6C /* GetFormReportsViewController.xib */ = {isa = PBXFileReference; fileEncoding = 4; lastKnownFileType = file.xib; path = GetFormReportsViewController.xib; sourceTree = "<group>"; };
		C395C816187C3C3900AD6A6C /* CreateSubmissionViewController.h */ = {isa = PBXFileReference; fileEncoding = 4; lastKnownFileType = sourcecode.c.h; path = CreateSubmissionViewController.h; sourceTree = "<group>"; };
		C395C817187C3C3900AD6A6C /* CreateSubmissionViewController.m */ = {isa = PBXFileReference; fileEncoding = 4; lastKnownFileType = sourcecode.c.objc; path = CreateSubmissionViewController.m; sourceTree = "<group>"; };
		C395C818187C3C3900AD6A6C /* CreateSubmissionViewController.xib */ = {isa = PBXFileReference; fileEncoding = 4; lastKnownFileType = file.xib; path = CreateSubmissionViewController.xib; sourceTree = "<group>"; };
		C395C81B187C620700AD6A6C /* CreateReportViewController.h */ = {isa = PBXFileReference; fileEncoding = 4; lastKnownFileType = sourcecode.c.h; path = CreateReportViewController.h; sourceTree = "<group>"; };
		C395C81C187C620700AD6A6C /* CreateReportViewController.m */ = {isa = PBXFileReference; fileEncoding = 4; lastKnownFileType = sourcecode.c.objc; path = CreateReportViewController.m; sourceTree = "<group>"; };
		C395C81D187C620700AD6A6C /* CreateReportViewController.xib */ = {isa = PBXFileReference; fileEncoding = 4; lastKnownFileType = file.xib; path = CreateReportViewController.xib; sourceTree = "<group>"; };
		C3B2AF721879A4DB00FCFAEA /* GetAppKeyViewController.xib */ = {isa = PBXFileReference; fileEncoding = 4; lastKnownFileType = file.xib; path = GetAppKeyViewController.xib; sourceTree = "<group>"; };
		C3B2AF7D1879ADE400FCFAEA /* SVProgressHUD-Prefix.pch */ = {isa = PBXFileReference; fileEncoding = 4; lastKnownFileType = sourcecode.c.h; path = "SVProgressHUD-Prefix.pch"; sourceTree = "<group>"; };
		C3B2AF7E1879ADE400FCFAEA /* SVProgressHUD.bundle */ = {isa = PBXFileReference; lastKnownFileType = "wrapper.plug-in"; path = SVProgressHUD.bundle; sourceTree = "<group>"; };
		C3B2AF7F1879ADE400FCFAEA /* SVProgressHUD.h */ = {isa = PBXFileReference; fileEncoding = 4; lastKnownFileType = sourcecode.c.h; path = SVProgressHUD.h; sourceTree = "<group>"; };
		C3B2AF801879ADE400FCFAEA /* SVProgressHUD.m */ = {isa = PBXFileReference; fileEncoding = 4; lastKnownFileType = sourcecode.c.objc; path = SVProgressHUD.m; sourceTree = "<group>"; };
		C3B2AF831879AE0B00FCFAEA /* QuartzCore.framework */ = {isa = PBXFileReference; lastKnownFileType = wrapper.framework; name = QuartzCore.framework; path = System/Library/Frameworks/QuartzCore.framework; sourceTree = SDKROOT; };
		C3B2AF871879AF5F00FCFAEA /* SampleListViewController.xib */ = {isa = PBXFileReference; fileEncoding = 4; lastKnownFileType = file.xib; path = SampleListViewController.xib; sourceTree = "<group>"; };
		C3B2AF8A1879BBF200FCFAEA /* GetAllFormsViewController.h */ = {isa = PBXFileReference; fileEncoding = 4; lastKnownFileType = sourcecode.c.h; path = GetAllFormsViewController.h; sourceTree = "<group>"; };
		C3B2AF8B1879BBF200FCFAEA /* GetAllFormsViewController.m */ = {isa = PBXFileReference; fileEncoding = 4; lastKnownFileType = sourcecode.c.objc; path = GetAllFormsViewController.m; sourceTree = "<group>"; };
		C3B2AF8C1879BBF200FCFAEA /* GetAllFormsViewController.xib */ = {isa = PBXFileReference; fileEncoding = 4; lastKnownFileType = file.xib; path = GetAllFormsViewController.xib; sourceTree = "<group>"; };
		FFD381F7C4DFC957C10B5A6F /* Pods-JotFormTest.debug.xcconfig */ = {isa = PBXFileReference; includeInIndex = 1; lastKnownFileType = text.xcconfig; name = "Pods-JotFormTest.debug.xcconfig"; path = "Pods/Target Support Files/Pods-JotFormTest/Pods-JotFormTest.debug.xcconfig"; sourceTree = "<group>"; };
/* End PBXFileReference section */

/* Begin PBXFrameworksBuildPhase section */
		3CD6BF5A1779FDF70065788B /* Frameworks */ = {
			isa = PBXFrameworksBuildPhase;
			buildActionMask = 2147483647;
			files = (
				604B75EC19F6E23A00B873D4 /* Security.framework in Frameworks */,
				3CD6BFB8177A04310065788B /* libz.dylib in Frameworks */,
				3CD6BFB6177A03F80065788B /* SystemConfiguration.framework in Frameworks */,
				3CD6BFB4177A03EE0065788B /* MobileCoreServices.framework in Frameworks */,
				3CD6BFB2177A03E80065788B /* CFNetwork.framework in Frameworks */,
				3CD6BF611779FDF70065788B /* UIKit.framework in Frameworks */,
				3CD6BF631779FDF70065788B /* Foundation.framework in Frameworks */,
				A6D49EDF20223A78009966A5 /* JotForm_iOS.framework in Frameworks */,
				4D38EDA521D523998EEA64ED /* Pods_JotFormTest.framework in Frameworks */,
			);
			runOnlyForDeploymentPostprocessing = 0;
		};
/* End PBXFrameworksBuildPhase section */

/* Begin PBXGroup section */
		375BC9DEFF646DC5506F4CE3 /* Pods */ = {
			isa = PBXGroup;
			children = (
				FFD381F7C4DFC957C10B5A6F /* Pods-JotFormTest.debug.xcconfig */,
				53D5790738BF1EED95796421 /* Pods-JotFormTest.release.xcconfig */,
			);
			name = Pods;
			sourceTree = "<group>";
		};
		3CD6BF541779FDF70065788B = {
			isa = PBXGroup;
			children = (
				3CD6BF661779FDF70065788B /* JotFormTest */,
				3CD6BF5F1779FDF70065788B /* Frameworks */,
				3CD6BF5E1779FDF70065788B /* Products */,
				375BC9DEFF646DC5506F4CE3 /* Pods */,
			);
			sourceTree = "<group>";
		};
		3CD6BF5E1779FDF70065788B /* Products */ = {
			isa = PBXGroup;
			children = (
				3CD6BF5D1779FDF70065788B /* JotFormTest.app */,
			);
			name = Products;
			sourceTree = "<group>";
		};
		3CD6BF5F1779FDF70065788B /* Frameworks */ = {
			isa = PBXGroup;
			children = (
				604B75EB19F6E23A00B873D4 /* Security.framework */,
				C3B2AF831879AE0B00FCFAEA /* QuartzCore.framework */,
				3CD6BFB7177A04310065788B /* libz.dylib */,
				3CD6BFB5177A03F80065788B /* SystemConfiguration.framework */,
				3CD6BFB3177A03ED0065788B /* MobileCoreServices.framework */,
				3CD6BFB1177A03E80065788B /* CFNetwork.framework */,
				3CD6BF601779FDF70065788B /* UIKit.framework */,
				3CD6BF621779FDF70065788B /* Foundation.framework */,
				3CD6BF641779FDF70065788B /* CoreGraphics.framework */,
				B0394BA1567EBAAF178EF682 /* Pods_JotFormTest.framework */,
			);
			name = Frameworks;
			sourceTree = "<group>";
		};
		3CD6BF661779FDF70065788B /* JotFormTest */ = {
			isa = PBXGroup;
			children = (
				3CD6BF7D1779FE460065788B /* Classes */,
			);
			path = JotFormTest;
			sourceTree = "<group>";
		};
		3CD6BF7D1779FE460065788B /* Classes */ = {
			isa = PBXGroup;
			children = (
				A6CDD67E202276A200EC3643 /* JotFormTest-Info.plist */,
				A6CDD67A202273C400EC3643 /* JotFormTestAppDelegate.swift */,
				C69709A9178D50B600858450 /* Extern */,
				3CD6BF7E1779FE460065788B /* Controller */,
				3CD6BF9B1779FE460065788B /* Model */,
			);
			path = Classes;
			sourceTree = "<group>";
		};
		3CD6BF7E1779FE460065788B /* Controller */ = {
			isa = PBXGroup;
			children = (
				A6CDD63920224BF800EC3643 /* GetAppKeyViewController.swift */,
				C3B2AF721879A4DB00FCFAEA /* GetAppKeyViewController.xib */,
				A6EFEC0C2022A8B200CD33EF /* SampleListViewController.swift */,
				C3B2AF871879AF5F00FCFAEA /* SampleListViewController.xib */,
				C3B2AF8A1879BBF200FCFAEA /* GetAllFormsViewController.h */,
				C3B2AF8B1879BBF200FCFAEA /* GetAllFormsViewController.m */,
				C3B2AF8C1879BBF200FCFAEA /* GetAllFormsViewController.xib */,
				C3541DDD187A86CA00FE19DB /* DataListViewController.h */,
				C3541DDE187A86CA00FE19DB /* DataListViewController.m */,
				C3541DDF187A86CA00FE19DB /* DataListViewController.xib */,
				C3541DE2187AF52600FE19DB /* GetAllSubmissionsViewController.h */,
				C3541DE3187AF52600FE19DB /* GetAllSubmissionsViewController.m */,
				C3541DE4187AF52600FE19DB /* GetAllSubmissionsViewController.xib */,
				C3541DE8187B10C100FE19DB /* CreateFormViewController.h */,
				C3541DE9187B10C100FE19DB /* CreateFormViewController.m */,
				C3541DEA187B10C100FE19DB /* CreateFormViewController.xib */,
				C395C811187C06AA00AD6A6C /* GetFormReportsViewController.h */,
				C395C812187C06AA00AD6A6C /* GetFormReportsViewController.m */,
				C395C813187C06AA00AD6A6C /* GetFormReportsViewController.xib */,
				C395C816187C3C3900AD6A6C /* CreateSubmissionViewController.h */,
				C395C817187C3C3900AD6A6C /* CreateSubmissionViewController.m */,
				C395C818187C3C3900AD6A6C /* CreateSubmissionViewController.xib */,
				C395C81B187C620700AD6A6C /* CreateReportViewController.h */,
				C395C81C187C620700AD6A6C /* CreateReportViewController.m */,
				C395C81D187C620700AD6A6C /* CreateReportViewController.xib */,
				C35EA488187D5831009DEB74 /* RegisterUserViewController.h */,
				C35EA489187D5831009DEB74 /* RegisterUserViewController.m */,
				C35EA48A187D5831009DEB74 /* RegisterUserViewController.xib */,
				C35EA48D187D9DB7009DEB74 /* CreateQuestionViewController.h */,
				C35EA48E187D9DB7009DEB74 /* CreateQuestionViewController.m */,
				C35EA48F187D9DB7009DEB74 /* CreateQuestionViewController.xib */,
				604B759619F6DFCA00B873D4 /* CreateFormsViewController.h */,
				604B759719F6DFCA00B873D4 /* CreateFormsViewController.m */,
				604B759819F6DFCA00B873D4 /* CreateFormsViewController.xib */,
				604B75F219F6E59800B873D4 /* CreateFormQuestionsViewController.h */,
				604B75F319F6E59800B873D4 /* CreateFormQuestionsViewController.m */,
				604B75F419F6E59800B873D4 /* CreateFormQuestionsViewController.xib */,
				A61E08271F4B5C0D00330B48 /* LoadSettingsViewController.h */,
				A61E08281F4B5C0D00330B48 /* LoadSettingsViewController.m */,
				A61E08291F4B5C0D00330B48 /* LoadSettingsViewController.xib */,
				A62BE2861F4B81BA00A68DA1 /* GetHistoryViewController.h */,
				A62BE2871F4B81BA00A68DA1 /* GetHistoryViewController.m */,
				A62BE2881F4B81BA00A68DA1 /* GetHistoryViewController.xib */,
				A62BE28B1F4B85B700A68DA1 /* GetFormPropertiesViewController.h */,
				A62BE28C1F4B85B700A68DA1 /* GetFormPropertiesViewController.m */,
				A62BE28D1F4B85B700A68DA1 /* GetFormPropertiesViewController.xib */,
				A62BE2901F4BA8B200A68DA1 /* CreateFormPropertiesViewController.h */,
				A62BE2911F4BA8B200A68DA1 /* CreateFormPropertiesViewController.m */,
				A62BE2921F4BA8B200A68DA1 /* CreateFormPropertiesViewController.xib */,
				A67475ED2011542900E43826 /* Launch.xib */,
				A6CDD680202280DE00EC3643 /* JotFormBridgingHeader.h */,
			);
			path = Controller;
			sourceTree = "<group>";
		};
		3CD6BF9B1779FE460065788B /* Model */ = {
			isa = PBXGroup;
			children = (
				A6CDD63E20225ED600EC3643 /* SharedData.swift */,
				A6CDD63B2022532000EC3643 /* Common.swift */,
			);
			path = Model;
			sourceTree = "<group>";
		};
		A6F93F061D304B4A005EE644 /* JotForm */ = {
			isa = PBXGroup;
			children = (
				A62BCA6C201A868100F8A59A /* JotForm_iOS.framework */,
			);
			path = JotForm;
			sourceTree = "<group>";
		};
		C3541DD0187A5AC200FE19DB /* TPKeyboardAvoiding */ = {
			isa = PBXGroup;
			children = (
				C3541DD1187A5AC200FE19DB /* TPKeyboardAvoidingCollectionView.h */,
				C3541DD2187A5AC200FE19DB /* TPKeyboardAvoidingCollectionView.m */,
				C3541DD3187A5AC200FE19DB /* TPKeyboardAvoidingScrollView.h */,
				C3541DD4187A5AC200FE19DB /* TPKeyboardAvoidingScrollView.m */,
				C3541DD5187A5AC200FE19DB /* TPKeyboardAvoidingTableView.h */,
				C3541DD6187A5AC200FE19DB /* TPKeyboardAvoidingTableView.m */,
				C3541DD7187A5AC200FE19DB /* UIScrollView+TPKeyboardAvoidingAdditions.h */,
				C3541DD8187A5AC200FE19DB /* UIScrollView+TPKeyboardAvoidingAdditions.m */,
			);
			path = TPKeyboardAvoiding;
			sourceTree = "<group>";
		};
		C3B2AF7C1879ADE400FCFAEA /* SVProgressHUD */ = {
			isa = PBXGroup;
			children = (
				C3B2AF7D1879ADE400FCFAEA /* SVProgressHUD-Prefix.pch */,
				C3B2AF7E1879ADE400FCFAEA /* SVProgressHUD.bundle */,
				C3B2AF7F1879ADE400FCFAEA /* SVProgressHUD.h */,
				C3B2AF801879ADE400FCFAEA /* SVProgressHUD.m */,
			);
			path = SVProgressHUD;
			sourceTree = "<group>";
		};
		C69709A9178D50B600858450 /* Extern */ = {
			isa = PBXGroup;
			children = (
				A6F93F061D304B4A005EE644 /* JotForm */,
				C3541DD0187A5AC200FE19DB /* TPKeyboardAvoiding */,
				C3B2AF7C1879ADE400FCFAEA /* SVProgressHUD */,
			);
			path = Extern;
			sourceTree = "<group>";
		};
/* End PBXGroup section */

/* Begin PBXNativeTarget section */
		3CD6BF5C1779FDF70065788B /* JotFormTest */ = {
			isa = PBXNativeTarget;
			buildConfigurationList = 3CD6BF7A1779FDF70065788B /* Build configuration list for PBXNativeTarget "JotFormTest" */;
			buildPhases = (
				E0EC83E2195C144941B26720 /* [CP] Check Pods Manifest.lock */,
				3CD6BF591779FDF70065788B /* Sources */,
				3CD6BF5A1779FDF70065788B /* Frameworks */,
				3CD6BF5B1779FDF70065788B /* Resources */,
				93630A323BE850647A7B5E5D /* [CP] Embed Pods Frameworks */,
				106E7DBF715CC258E1194DAC /* [CP] Copy Pods Resources */,
			);
			buildRules = (
			);
			dependencies = (
			);
			name = JotFormTest;
			productName = JotFormTest;
			productReference = 3CD6BF5D1779FDF70065788B /* JotFormTest.app */;
			productType = "com.apple.product-type.application";
		};
/* End PBXNativeTarget section */

/* Begin PBXProject section */
		3CD6BF551779FDF70065788B /* Project object */ = {
			isa = PBXProject;
			attributes = {
				CLASSPREFIX = JotFormTest;
				LastUpgradeCheck = 0920;
				ORGANIZATIONNAME = wang;
				TargetAttributes = {
					3CD6BF5C1779FDF70065788B = {
						LastSwiftMigration = 0920;
					};
				};
			};
			buildConfigurationList = 3CD6BF581779FDF70065788B /* Build configuration list for PBXProject "JotFormTest" */;
			compatibilityVersion = "Xcode 3.2";
			developmentRegion = English;
			hasScannedForEncodings = 0;
			knownRegions = (
				en,
			);
			mainGroup = 3CD6BF541779FDF70065788B;
			productRefGroup = 3CD6BF5E1779FDF70065788B /* Products */;
			projectDirPath = "";
			projectRoot = "";
			targets = (
				3CD6BF5C1779FDF70065788B /* JotFormTest */,
			);
		};
/* End PBXProject section */

/* Begin PBXResourcesBuildPhase section */
		3CD6BF5B1779FDF70065788B /* Resources */ = {
			isa = PBXResourcesBuildPhase;
			buildActionMask = 2147483647;
			files = (
				C3541DE1187A86CA00FE19DB /* DataListViewController.xib in Resources */,
				C3B2AF8E1879BBF200FCFAEA /* GetAllFormsViewController.xib in Resources */,
				A6CDD67F202276A200EC3643 /* JotFormTest-Info.plist in Resources */,
				C35EA48C187D5831009DEB74 /* RegisterUserViewController.xib in Resources */,
				C3B2AF811879ADE400FCFAEA /* SVProgressHUD.bundle in Resources */,
				A61E082B1F4B5C0D00330B48 /* LoadSettingsViewController.xib in Resources */,
				A62BE28F1F4B85B700A68DA1 /* GetFormPropertiesViewController.xib in Resources */,
				C395C81F187C620700AD6A6C /* CreateReportViewController.xib in Resources */,
				604B75F619F6E59800B873D4 /* CreateFormQuestionsViewController.xib in Resources */,
				C3541DE6187AF52600FE19DB /* GetAllSubmissionsViewController.xib in Resources */,
				C3B2AF891879AF5F00FCFAEA /* SampleListViewController.xib in Resources */,
				A62BE2941F4BA8B200A68DA1 /* CreateFormPropertiesViewController.xib in Resources */,
				604B759A19F6DFCA00B873D4 /* CreateFormsViewController.xib in Resources */,
				C3541DEC187B10C100FE19DB /* CreateFormViewController.xib in Resources */,
				C35EA491187D9DB7009DEB74 /* CreateQuestionViewController.xib in Resources */,
				A67475EE2011542900E43826 /* Launch.xib in Resources */,
				A62BE28A1F4B81BA00A68DA1 /* GetHistoryViewController.xib in Resources */,
				C395C81A187C3C3900AD6A6C /* CreateSubmissionViewController.xib in Resources */,
				C395C815187C06AA00AD6A6C /* GetFormReportsViewController.xib in Resources */,
				C3B2AF741879A4DB00FCFAEA /* GetAppKeyViewController.xib in Resources */,
			);
			runOnlyForDeploymentPostprocessing = 0;
		};
/* End PBXResourcesBuildPhase section */

/* Begin PBXShellScriptBuildPhase section */
		106E7DBF715CC258E1194DAC /* [CP] Copy Pods Resources */ = {
			isa = PBXShellScriptBuildPhase;
			buildActionMask = 2147483647;
			files = (
			);
			inputPaths = (
			);
			name = "[CP] Copy Pods Resources";
			outputPaths = (
			);
			runOnlyForDeploymentPostprocessing = 0;
			shellPath = /bin/sh;
			shellScript = "\"${SRCROOT}/Pods/Target Support Files/Pods-JotFormTest/Pods-JotFormTest-resources.sh\"\n";
			showEnvVarsInLog = 0;
		};
		93630A323BE850647A7B5E5D /* [CP] Embed Pods Frameworks */ = {
			isa = PBXShellScriptBuildPhase;
			buildActionMask = 2147483647;
			files = (
			);
			inputPaths = (
				"${SRCROOT}/Pods/Target Support Files/Pods-JotFormTest/Pods-JotFormTest-frameworks.sh",
				"${BUILT_PRODUCTS_DIR}/Alamofire/Alamofire.framework",
			);
			name = "[CP] Embed Pods Frameworks";
			outputPaths = (
				"${TARGET_BUILD_DIR}/${FRAMEWORKS_FOLDER_PATH}/Alamofire.framework",
			);
			runOnlyForDeploymentPostprocessing = 0;
			shellPath = /bin/sh;
			shellScript = "\"${SRCROOT}/Pods/Target Support Files/Pods-JotFormTest/Pods-JotFormTest-frameworks.sh\"\n";
			showEnvVarsInLog = 0;
		};
		E0EC83E2195C144941B26720 /* [CP] Check Pods Manifest.lock */ = {
			isa = PBXShellScriptBuildPhase;
			buildActionMask = 2147483647;
			files = (
			);
			inputPaths = (
				"${PODS_PODFILE_DIR_PATH}/Podfile.lock",
				"${PODS_ROOT}/Manifest.lock",
			);
			name = "[CP] Check Pods Manifest.lock";
			outputPaths = (
				"$(DERIVED_FILE_DIR)/Pods-JotFormTest-checkManifestLockResult.txt",
			);
			runOnlyForDeploymentPostprocessing = 0;
			shellPath = /bin/sh;
			shellScript = "diff \"${PODS_PODFILE_DIR_PATH}/Podfile.lock\" \"${PODS_ROOT}/Manifest.lock\" > /dev/null\nif [ $? != 0 ] ; then\n    # print error to STDERR\n    echo \"error: The sandbox is not in sync with the Podfile.lock. Run 'pod install' or update your CocoaPods installation.\" >&2\n    exit 1\nfi\n# This output is used by Xcode 'outputs' to avoid re-running this script phase.\necho \"SUCCESS\" > \"${SCRIPT_OUTPUT_FILE_0}\"\n";
			showEnvVarsInLog = 0;
		};
/* End PBXShellScriptBuildPhase section */

/* Begin PBXSourcesBuildPhase section */
		3CD6BF591779FDF70065788B /* Sources */ = {
			isa = PBXSourcesBuildPhase;
			buildActionMask = 2147483647;
			files = (
				A62BE2891F4B81BA00A68DA1 /* GetHistoryViewController.m in Sources */,
				C3541DDB187A5AC200FE19DB /* TPKeyboardAvoidingTableView.m in Sources */,
				C3541DDA187A5AC200FE19DB /* TPKeyboardAvoidingScrollView.m in Sources */,
				C3541DEB187B10C100FE19DB /* CreateFormViewController.m in Sources */,
				A6CDD67B202273C400EC3643 /* JotFormTestAppDelegate.swift in Sources */,
				A62BE2931F4BA8B200A68DA1 /* CreateFormPropertiesViewController.m in Sources */,
				C395C819187C3C3900AD6A6C /* CreateSubmissionViewController.m in Sources */,
				A6CDD63F20225ED600EC3643 /* SharedData.swift in Sources */,
				A6EFEC0D2022A8B200CD33EF /* SampleListViewController.swift in Sources */,
				A6CDD63A20224BF800EC3643 /* GetAppKeyViewController.swift in Sources */,
				604B75F519F6E59800B873D4 /* CreateFormQuestionsViewController.m in Sources */,
				C3B2AF821879ADE400FCFAEA /* SVProgressHUD.m in Sources */,
				C35EA490187D9DB7009DEB74 /* CreateQuestionViewController.m in Sources */,
				A6CDD63C2022532000EC3643 /* Common.swift in Sources */,
				C3541DD9187A5AC200FE19DB /* TPKeyboardAvoidingCollectionView.m in Sources */,
				604B759919F6DFCA00B873D4 /* CreateFormsViewController.m in Sources */,
				C35EA48B187D5831009DEB74 /* RegisterUserViewController.m in Sources */,
				C3541DDC187A5AC200FE19DB /* UIScrollView+TPKeyboardAvoidingAdditions.m in Sources */,
				A61E082A1F4B5C0D00330B48 /* LoadSettingsViewController.m in Sources */,
				C395C81E187C620700AD6A6C /* CreateReportViewController.m in Sources */,
				C3541DE0187A86CA00FE19DB /* DataListViewController.m in Sources */,
				C3541DE5187AF52600FE19DB /* GetAllSubmissionsViewController.m in Sources */,
				C395C814187C06AA00AD6A6C /* GetFormReportsViewController.m in Sources */,
				C3B2AF8D1879BBF200FCFAEA /* GetAllFormsViewController.m in Sources */,
				A62BE28E1F4B85B700A68DA1 /* GetFormPropertiesViewController.m in Sources */,
			);
			runOnlyForDeploymentPostprocessing = 0;
		};
/* End PBXSourcesBuildPhase section */

/* Begin XCBuildConfiguration section */
		3CD6BF781779FDF70065788B /* Debug */ = {
			isa = XCBuildConfiguration;
			buildSettings = {
				ALWAYS_EMBED_SWIFT_STANDARD_LIBRARIES = YES;
				ALWAYS_SEARCH_USER_PATHS = NO;
				CLANG_CXX_LANGUAGE_STANDARD = "gnu++0x";
				CLANG_CXX_LIBRARY = "libc++";
				CLANG_ENABLE_OBJC_ARC = YES;
				CLANG_WARN_BLOCK_CAPTURE_AUTORELEASING = YES;
				CLANG_WARN_BOOL_CONVERSION = YES;
				CLANG_WARN_COMMA = YES;
				CLANG_WARN_CONSTANT_CONVERSION = YES;
				CLANG_WARN_EMPTY_BODY = YES;
				CLANG_WARN_ENUM_CONVERSION = YES;
				CLANG_WARN_INFINITE_RECURSION = YES;
				CLANG_WARN_INT_CONVERSION = YES;
				CLANG_WARN_NON_LITERAL_NULL_CONVERSION = YES;
				CLANG_WARN_OBJC_LITERAL_CONVERSION = YES;
				CLANG_WARN_RANGE_LOOP_ANALYSIS = YES;
				CLANG_WARN_STRICT_PROTOTYPES = YES;
				CLANG_WARN_SUSPICIOUS_MOVE = YES;
				CLANG_WARN_UNREACHABLE_CODE = YES;
				CLANG_WARN__DUPLICATE_METHOD_MATCH = YES;
				CODE_SIGN_IDENTITY = "";
				"CODE_SIGN_IDENTITY[sdk=iphoneos*]" = "";
				COPY_PHASE_STRIP = NO;
				ENABLE_STRICT_OBJC_MSGSEND = YES;
				ENABLE_TESTABILITY = YES;
				GCC_C_LANGUAGE_STANDARD = gnu99;
				GCC_DYNAMIC_NO_PIC = NO;
				GCC_NO_COMMON_BLOCKS = YES;
				GCC_OPTIMIZATION_LEVEL = 0;
				GCC_PRECOMPILE_PREFIX_HEADER = YES;
				GCC_PREFIX_HEADER = "";
				GCC_PREPROCESSOR_DEFINITIONS = (
					"DEBUG=1",
					"$(inherited)",
				);
				GCC_SYMBOLS_PRIVATE_EXTERN = NO;
				GCC_WARN_64_TO_32_BIT_CONVERSION = YES;
				GCC_WARN_ABOUT_RETURN_TYPE = YES;
				GCC_WARN_UNDECLARED_SELECTOR = YES;
				GCC_WARN_UNINITIALIZED_AUTOS = YES;
				GCC_WARN_UNUSED_FUNCTION = YES;
				GCC_WARN_UNUSED_VARIABLE = YES;
				IPHONEOS_DEPLOYMENT_TARGET = 8.0;
				LIBRARY_SEARCH_PATHS = "$(inherited)";
				ONLY_ACTIVE_ARCH = YES;
				OTHER_LDFLAGS = "$(inherited)";
				SDKROOT = iphoneos;
				STRIP_SWIFT_SYMBOLS = NO;
				SWIFT_OBJC_BRIDGING_HEADER = "$(SRCROOT)/JotFormTest/Classes/Controller/JotFormBridgingHeader.h   ";
			};
			name = Debug;
		};
		3CD6BF791779FDF70065788B /* Release */ = {
			isa = XCBuildConfiguration;
			buildSettings = {
				ALWAYS_EMBED_SWIFT_STANDARD_LIBRARIES = YES;
				ALWAYS_SEARCH_USER_PATHS = NO;
				CLANG_CXX_LANGUAGE_STANDARD = "gnu++0x";
				CLANG_CXX_LIBRARY = "libc++";
				CLANG_ENABLE_OBJC_ARC = YES;
				CLANG_WARN_BLOCK_CAPTURE_AUTORELEASING = YES;
				CLANG_WARN_BOOL_CONVERSION = YES;
				CLANG_WARN_COMMA = YES;
				CLANG_WARN_CONSTANT_CONVERSION = YES;
				CLANG_WARN_EMPTY_BODY = YES;
				CLANG_WARN_ENUM_CONVERSION = YES;
				CLANG_WARN_INFINITE_RECURSION = YES;
				CLANG_WARN_INT_CONVERSION = YES;
				CLANG_WARN_NON_LITERAL_NULL_CONVERSION = YES;
				CLANG_WARN_OBJC_LITERAL_CONVERSION = YES;
				CLANG_WARN_RANGE_LOOP_ANALYSIS = YES;
				CLANG_WARN_STRICT_PROTOTYPES = YES;
				CLANG_WARN_SUSPICIOUS_MOVE = YES;
				CLANG_WARN_UNREACHABLE_CODE = YES;
				CLANG_WARN__DUPLICATE_METHOD_MATCH = YES;
				CODE_SIGN_IDENTITY = "";
				"CODE_SIGN_IDENTITY[sdk=iphoneos*]" = "";
				COPY_PHASE_STRIP = YES;
				ENABLE_STRICT_OBJC_MSGSEND = YES;
				GCC_C_LANGUAGE_STANDARD = gnu99;
				GCC_NO_COMMON_BLOCKS = YES;
				GCC_PRECOMPILE_PREFIX_HEADER = YES;
				GCC_PREFIX_HEADER = "";
				GCC_WARN_64_TO_32_BIT_CONVERSION = YES;
				GCC_WARN_ABOUT_RETURN_TYPE = YES;
				GCC_WARN_UNDECLARED_SELECTOR = YES;
				GCC_WARN_UNINITIALIZED_AUTOS = YES;
				GCC_WARN_UNUSED_FUNCTION = YES;
				GCC_WARN_UNUSED_VARIABLE = YES;
				IPHONEOS_DEPLOYMENT_TARGET = 8.0;
				LIBRARY_SEARCH_PATHS = "$(inherited)";
				ONLY_ACTIVE_ARCH = NO;
				OTHER_CFLAGS = "-DNS_BLOCK_ASSERTIONS=1";
				OTHER_LDFLAGS = "$(inherited)";
				SDKROOT = iphoneos;
				STRIP_SWIFT_SYMBOLS = NO;
				SWIFT_OBJC_BRIDGING_HEADER = "$(SRCROOT)/JotFormTest/Classes/Controller/JotFormBridgingHeader.h   ";
				SWIFT_OPTIMIZATION_LEVEL = "-Owholemodule";
				VALIDATE_PRODUCT = YES;
			};
			name = Release;
		};
		3CD6BF7B1779FDF70065788B /* Debug */ = {
			isa = XCBuildConfiguration;
			baseConfigurationReference = FFD381F7C4DFC957C10B5A6F /* Pods-JotFormTest.debug.xcconfig */;
			buildSettings = {
				ALWAYS_EMBED_SWIFT_STANDARD_LIBRARIES = "$(inherited)";
				CLANG_ENABLE_MODULES = YES;
				FRAMEWORK_SEARCH_PATHS = (
					"$(inherited)",
					"$(PROJECT_DIR)/JotFormTest/Classes/Extern/JotForm",
				);
				GCC_PRECOMPILE_PREFIX_HEADER = YES;
				GCC_PREFIX_HEADER = "";
				INFOPLIST_FILE = "$(SRCROOT)/JotFormTest/Classes/JotFormTest-Info.plist";
				IPHONEOS_DEPLOYMENT_TARGET = 9.0;
				LD_RUNPATH_SEARCH_PATHS = "$(inherited) @executable_path/Frameworks";
				LIBRARY_SEARCH_PATHS = "$(inherited)";
				ONLY_ACTIVE_ARCH = NO;
				PRODUCT_BUNDLE_IDENTIFIER = com.companyname.appname;
				PRODUCT_NAME = "$(TARGET_NAME)";
				STRIP_SWIFT_SYMBOLS = NO;
				SWIFT_OBJC_BRIDGING_HEADER = "$(SRCROOT)/JotFormTest/Classes/Controller/JotFormBridgingHeader.h";
				SWIFT_OPTIMIZATION_LEVEL = "-Onone";
				SWIFT_VERSION = 3.0;
				WRAPPER_EXTENSION = app;
			};
			name = Debug;
		};
		3CD6BF7C1779FDF70065788B /* Release */ = {
			isa = XCBuildConfiguration;
			baseConfigurationReference = 53D5790738BF1EED95796421 /* Pods-JotFormTest.release.xcconfig */;
			buildSettings = {
				ALWAYS_EMBED_SWIFT_STANDARD_LIBRARIES = "$(inherited)";
				CLANG_ENABLE_MODULES = YES;
				"CODE_SIGN_IDENTITY[sdk=iphoneos*]" = "";
				FRAMEWORK_SEARCH_PATHS = "$(inherited)";
				GCC_PRECOMPILE_PREFIX_HEADER = YES;
				GCC_PREFIX_HEADER = "";
				INFOPLIST_FILE = "$(SRCROOT)/JotFormTest/Classes/JotFormTest-Info.plist";
				IPHONEOS_DEPLOYMENT_TARGET = 9.0;
				LD_RUNPATH_SEARCH_PATHS = "$(inherited) @executable_path/Frameworks";
				LIBRARY_SEARCH_PATHS = "$(inherited)";
				ONLY_ACTIVE_ARCH = NO;
				PRODUCT_BUNDLE_IDENTIFIER = com.companyname.appname;
				PRODUCT_NAME = "$(TARGET_NAME)";
				STRIP_SWIFT_SYMBOLS = NO;
				SWIFT_OBJC_BRIDGING_HEADER = "$(SRCROOT)/JotFormTest/Classes/Controller/JotFormBridgingHeader.h";
				SWIFT_VERSION = 3.0;
				WRAPPER_EXTENSION = app;
			};
			name = Release;
		};
/* End XCBuildConfiguration section */

/* Begin XCConfigurationList section */
		3CD6BF581779FDF70065788B /* Build configuration list for PBXProject "JotFormTest" */ = {
			isa = XCConfigurationList;
			buildConfigurations = (
				3CD6BF781779FDF70065788B /* Debug */,
				3CD6BF791779FDF70065788B /* Release */,
			);
			defaultConfigurationIsVisible = 0;
			defaultConfigurationName = Release;
		};
		3CD6BF7A1779FDF70065788B /* Build configuration list for PBXNativeTarget "JotFormTest" */ = {
			isa = XCConfigurationList;
			buildConfigurations = (
				3CD6BF7B1779FDF70065788B /* Debug */,
				3CD6BF7C1779FDF70065788B /* Release */,
			);
			defaultConfigurationIsVisible = 0;
			defaultConfigurationName = Release;
		};
/* End XCConfigurationList section */
	};
	rootObject = 3CD6BF551779FDF70065788B /* Project object */;
}
